
Microsoft Visual Studio Solution File, Format Version 12.00
# Visual Studio 2012
Project("{2150E333-8FDC-42A3-9474-1A3956D46DE8}") = "Core", "Core", "{1F622505-C735-43CB-BFAB-EFA8428028CD}"
EndProject
Project("{FAE04EC0-301F-11D3-BF4B-00C04F79EFBC}") = "docsoft", "core\docsoft\docsoft.csproj", "{57E9EC8D-655E-4BCC-9AFF-A505FAA878CA}"
EndProject
Project("{FAE04EC0-301F-11D3-BF4B-00C04F79EFBC}") = "docsoft.entities", "core\docsoft.entities\docsoft.entities.csproj", "{081057F3-0D4E-4173-8D9F-2EA8CD9CD0C3}"
EndProject
Project("{FAE04EC0-301F-11D3-BF4B-00C04F79EFBC}") = "linh", "core\linh\linh.csproj", "{AA37610E-2E32-44A7-918B-FA11F8DB8028}"
EndProject
Project("{2150E333-8FDC-42A3-9474-1A3956D46DE8}") = "plugin", "plugin", "{B4B3707C-2037-4BCA-86B2-FFEE2B8BB79D}"
EndProject
Project("{2150E333-8FDC-42A3-9474-1A3956D46DE8}") = "danhMuc", "danhMuc", "{DBF86786-7348-4AFE-966C-3254BC9A40FD}"
EndProject
Project("{2150E333-8FDC-42A3-9474-1A3956D46DE8}") = "heThong", "heThong", "{26C73D81-50AC-4E71-85F7-C233D0AE02AD}"
EndProject
Project("{2150E333-8FDC-42A3-9474-1A3956D46DE8}") = "system", "system", "{16739D3B-0D87-43DE-BC00-5D1B7E43E9CB}"
EndProject
Project("{2150E333-8FDC-42A3-9474-1A3956D46DE8}") = "tinTuc", "tinTuc", "{F6771F09-2CE5-42DD-8ED6-4613B5BAB417}"
EndProject
Project("{FAE04EC0-301F-11D3-BF4B-00C04F79EFBC}") = "docsoft.plugin.danhmuc", "plugin\danhMuc\docsoft.plugin.danhmuc\docsoft.plugin.danhmuc.csproj", "{0F7C52AE-C106-48E8-B8AF-2E3465E7C72B}"
EndProject
Project("{FAE04EC0-301F-11D3-BF4B-00C04F79EFBC}") = "docsoft.plugin.LoaiDanhmuc", "plugin\danhMuc\docsoft.plugin.LoaiDanhmuc\docsoft.plugin.LoaiDanhmuc.csproj", "{9F8E88DA-17D5-42A1-B7E5-71A511608A68}"
EndProject
Project("{FAE04EC0-301F-11D3-BF4B-00C04F79EFBC}") = "docsoft.plugin.hethong.banlamviec", "plugin\heThong\docsoft.plugin.hethong.banlamviec\docsoft.plugin.hethong.banlamviec.csproj", "{937108F7-CFC4-4D79-8E6E-277BDB29B9B4}"
EndProject
Project("{FAE04EC0-301F-11D3-BF4B-00C04F79EFBC}") = "docsoft.plugin.hethong.coquan", "plugin\heThong\docsoft.plugin.hethong.coquan\docsoft.plugin.hethong.coquan.csproj", "{7CAA3245-6650-4794-8D47-B8EB8EC4F1A4}"
EndProject
Project("{FAE04EC0-301F-11D3-BF4B-00C04F79EFBC}") = "docsoft.plugin.hethong.functions", "plugin\heThong\docsoft.plugin.hethong.functions\docsoft.plugin.hethong.functions.csproj", "{CC520B50-0E12-48BB-AD04-B99C5EFF22B5}"
EndProject
Project("{FAE04EC0-301F-11D3-BF4B-00C04F79EFBC}") = "docsoft.plugin.hethong.quanlyLog", "plugin\heThong\docsoft.plugin.hethong.quanlyLog\docsoft.plugin.hethong.quanlyLog.csproj", "{133CE280-4BD6-499C-9416-BF464E4FD772}"
EndProject
Project("{FAE04EC0-301F-11D3-BF4B-00C04F79EFBC}") = "docsoft.plugin.hethong.quanLyQuyen", "plugin\heThong\docsoft.plugin.hethong.quanLyQuyen\docsoft.plugin.hethong.quanLyQuyen.csproj", "{2833E2EF-27DF-4292-845B-807828B624FE}"
EndProject
Project("{FAE04EC0-301F-11D3-BF4B-00C04F79EFBC}") = "docsoft.plugin.hethong.thanhvien", "plugin\heThong\docsoft.plugin.hethong.thanhvien\docsoft.plugin.hethong.thanhvien.csproj", "{A2212480-3C55-4412-B919-6813EA2AF759}"
EndProject
Project("{FAE04EC0-301F-11D3-BF4B-00C04F79EFBC}") = "docsoft.hethong.preload", "plugin\system\docsoft.hethong.preload\docsoft.hethong.preload.csproj", "{50207108-A4D6-45F1-A6DD-AE2600798C67}"
EndProject
Project("{FAE04EC0-301F-11D3-BF4B-00C04F79EFBC}") = "docsoft.plugin.authentication", "plugin\system\docsoft.plugin.authentication\docsoft.plugin.authentication.csproj", "{B73DD6F1-AF34-48A5-80C4-CC9F8B8B10F3}"
EndProject
Project("{FAE04EC0-301F-11D3-BF4B-00C04F79EFBC}") = "docsoft.plugin.plugManager", "plugin\system\docsoft.plugin.plugManager\docsoft.plugin.plugManager.csproj", "{C9F3A761-A5FE-440E-9905-5599558CB95B}"
EndProject
Project("{FAE04EC0-301F-11D3-BF4B-00C04F79EFBC}") = "projectMgr.plugin.backend.tinTuc", "plugin\tinTuc\projectMgr.plugin.backend.tinTuc\projectMgr.plugin.backend.tinTuc.csproj", "{127B56E1-FCA2-4385-A330-60AD922002D4}"
EndProject
Project("{E24C65DC-7377-472B-9ABA-BC803B73C61A}") = "web", "web", "{CC439979-ED0D-449A-AD83-619426F88FC9}"
	ProjectSection(WebsiteProperties) = preProject
		SccProjectName = "SAK"
		SccAuxPath = "SAK"
		SccLocalPath = "SAK"
		SccProvider = "SAK"
		TargetFrameworkMoniker = ".NETFramework,Version%3Dv3.5"
		ProjectReferences = "{57E9EC8D-655E-4BCC-9AFF-A505FAA878CA}|docsoft.dll;{081057F3-0D4E-4173-8D9F-2EA8CD9CD0C3}|docsoft.entities.dll;{AA37610E-2E32-44A7-918B-FA11F8DB8028}|linh.dll;{50207108-A4D6-45F1-A6DD-AE2600798C67}|docsoft.hethong.preload.dll;{B73DD6F1-AF34-48A5-80C4-CC9F8B8B10F3}|docsoft.plugin.authentication.dll;{0F7C52AE-C106-48E8-B8AF-2E3465E7C72B}|docsoft.plugin.danhmuc.dll;{937108F7-CFC4-4D79-8E6E-277BDB29B9B4}|docsoft.plugin.hethong.banlamviec.dll;{7CAA3245-6650-4794-8D47-B8EB8EC4F1A4}|docsoft.plugin.hethong.coquan.dll;{CC520B50-0E12-48BB-AD04-B99C5EFF22B5}|docsoft.plugin.hethong.functions.dll;{133CE280-4BD6-499C-9416-BF464E4FD772}|docsoft.plugin.hethong.quanlyLog.dll;{2833E2EF-27DF-4292-845B-807828B624FE}|docsoft.plugin.hethong.quanLyQuyen.dll;{A2212480-3C55-4412-B919-6813EA2AF759}|docsoft.plugin.hethong.thanhvien.dll;{9F8E88DA-17D5-42A1-B7E5-71A511608A68}|docsoft.plugin.loaidanhmuc.dll;{C9F3A761-A5FE-440E-9905-5599558CB95B}|docsoft.plugin.plugManager.dll;{127B56E1-FCA2-4385-A330-60AD922002D4}|projectMgr.plugin.backend.tinTuc.dll;{BDAA225E-6972-4CD2-8A8D-5CFABBA0003E}|projectMgr.plugin.backend.quangCao.dll;{EA0EE624-F4A2-4677-A968-EAC87A73A0F7}|projectMgr.plugin.backend.taiLieu.dll;{30B57B5F-E31F-4280-96DD-AF37B2F5E534}|agrobiotech.plugin.backend.thongketin.dll;{3C6DD63D-027A-4CF6-BEFD-BA99CCFD92A5}|cnn.entities.dll;{01C654E2-97B1-4CB4-979B-F0DBBDD99ADD}|cnn.plugin.giaoThuong.dll;{7CC1CA15-00FC-41D4-942F-7A67A655E609}|cnn.plugin.hangHoa.dll;{AF7B7551-14D7-4E15-AC6B-BAC18D116181}|cnn.plugin.language.dll;{DD04130D-9305-4567-9FEB-BABF1D9303F3}|cnn.plugin.Resources.dll;{C422C9BB-224D-4F84-8CC3-CEEDACCF4F08}|cnn.plugin.Raovatcontrol.DKDVTRV.dll;{FB2048BA-3385-42EF-ADE9-B41F3C1B5939}|cnn.plugin.raoVatMgr.dll;{343B9F31-8E76-4D6D-9422-E1100AC5B10A}|cnn.plugin.QuanLyLienHe.dll;{C2468DF3-3A16-48FD-A630-0C8D40DE5A52}|cnn.plugin.doanhNghiep.dll;{948CE9C1-F02A-400D-8DA0-4EED8A418804}|cnn.plugin.quangCao.dll;{E965E7F0-FBA2-4B40-A2E2-15588D733CFA}|cnn.plugin.tinNhan.dll;{DB270E02-F0B8-4F8B-BBA3-2A39B7B1C0EF}|cnn.plugin.Video.dll;{5B2E54B7-A83C-4100-8285-A0630E7CED19}|linh.httpModule.dll;{A95F75BA-E506-446D-B402-D1C3D1EC0291}|cnn.plugin.videoClip.dll;{D2B104CC-5D78-44D2-B2B3-8B9531708281}|cnn.plugin.DangKyDichVu.dll;{C1D5261B-3CB3-4AA3-BC7E-A469CD5A1964}|cnn.plugin.popUp.dll;{1EEFB56A-D763-4C02-B736-1F1FAD6AE1A0}|cnn.plugin.thongTinDonVi.dll;{586357D9-DEF7-4B73-BEB0-A8AAA94F274F}|cnn.plugin.ktnn.dll;{421FA6FA-8004-49A3-8914-05F6EA4B6A94}|docbao.dll;{3057C995-378B-4306-BEBB-8473B13F4E47}|cnn.plugin.QuanLySanPham.dll;{44BB94C6-0DB6-4AA9-83AE-E837873DBC3C}|plugin.rss.tin.dll;{2DCE19B0-97A5-4F27-A0EC-C6DA96158585}|plugin.rss.bao.dll;{4C733615-D665-4F97-B9A3-7BC006B1AC13}|plugin.rss.kenhRss.dll;{D06BA9D6-5122-44F4-94D2-BEB10AAAE959}|plugin.rss.nhom.dll;{A3EE405B-F10D-4159-938C-3A20F7311A8E}|plugin.rss.topic.dll;{CBBDB05B-2F4B-4219-AF4F-5A41A8AAF14C}|plugin.rss.phanLoai.dll;{6CF6F460-C541-4ED5-89B5-87ED3AA2E36B}|cnn.plugin.LienHeChung.dll;{0B57A087-6372-4E87-ADCA-835560208CFB}|docsoft.hethong.DangNhap.dll;{19C0BC4C-034F-42EB-893C-C9FB28A22B01}|docsoft.plugin.UserInfo.dll;{3FDDD25C-BF01-4889-8081-5A1E7E152DEC}|cnn.plugin.danhBaWeb.dll;{3E5531E7-24B7-4757-A474-9FCEE7CADFFC}|cnn.plugin.DiaChiBG.dll;{20AFD64D-8A30-4298-AD4A-117193B8B0B4}|plugin.rss.KTNN.dll;{9B41430F-280A-40AC-A920-BBA956C80BDA}|mamvui.plugin.datHang.dll;{62BC964E-3AA5-4D5A-B6F7-05348CAF8EA1}|plugin.rss.youTube.dll;{F68079DA-2E19-4A46-9DA8-043468FF57F4}|plugin.spa.quanLySpa.dll;{2BEAFF04-A902-4EF2-896D-A8E26CD1D4B2}|spa.entities.dll;{9455A071-F738-4AEF-A7A9-5B04A333CEB9}|plugin.spa.SpaTopMgr.dll;{1CADEF5A-67AE-4A12-B8F2-E2A679BDA99A}|plugin.spa.SpaDichVuMgr.dll;{B8742771-175E-4D6D-A4BB-71FB8416F1B8}|plugin.spa.SpaKhuyenMaiMgr.dll;{8513620E-855D-4F7B-ADFF-21E37AC6F135}|plugin.spa.SpaKhachHangMgr.dll;{92223688-2588-4F6A-A00B-E1192DE64660}|plugin.spa.SpaHoiDapMgr.dll;{64e28826-a980-44b3-9764-2264033cc90d}|plugin.spa.hinhAnhSpaMgr.dll;{9334b92a-04e3-4ef6-a118-e713791c8d97}|plugin.spa.datDichVuMgr.dll;"
		Debug.AspNetCompiler.VirtualPath = "/web"
		Debug.AspNetCompiler.PhysicalPath = "web\"
		Debug.AspNetCompiler.TargetPath = "PrecompiledWeb\web\"
		Debug.AspNetCompiler.Updateable = "false"
		Debug.AspNetCompiler.ForceOverwrite = "true"
		Debug.AspNetCompiler.FixedNames = "false"
		Debug.AspNetCompiler.Debug = "True"
		Release.AspNetCompiler.VirtualPath = "/web"
		Release.AspNetCompiler.PhysicalPath = "web\"
		Release.AspNetCompiler.TargetPath = "PrecompiledWeb\web\"
		Release.AspNetCompiler.Updateable = "false"
		Release.AspNetCompiler.ForceOverwrite = "true"
		Release.AspNetCompiler.FixedNames = "false"
		Release.AspNetCompiler.Debug = "False"
		VWDPort = "18276"
	EndProjectSection
EndProject
Project("{FAE04EC0-301F-11D3-BF4B-00C04F79EFBC}") = "projectMgr.plugin.backend.taiLieu", "plugin\tinTuc\projectMgr.plugin.backend.taiLieu\projectMgr.plugin.backend.taiLieu.csproj", "{EA0EE624-F4A2-4677-A968-EAC87A73A0F7}"
EndProject
Project("{FAE04EC0-301F-11D3-BF4B-00C04F79EFBC}") = "projectMgr.plugin.backend.quangCao", "plugin\tinTuc\projectMgr.plugin.backend.quangCao\projectMgr.plugin.backend.quangCao.csproj", "{BDAA225E-6972-4CD2-8A8D-5CFABBA0003E}"
EndProject
Project("{FAE04EC0-301F-11D3-BF4B-00C04F79EFBC}") = "agrobiotech.plugin.backend.thongketin", "plugin\tinTuc\agrobiotech.plugin.backend.thongketin\agrobiotech.plugin.backend.thongketin.csproj", "{30B57B5F-E31F-4280-96DD-AF37B2F5E534}"
EndProject
Project("{2150E333-8FDC-42A3-9474-1A3956D46DE8}") = "cnn", "cnn", "{A2B321AC-3B22-4D98-938B-42E21A7DAB03}"
EndProject
Project("{FAE04EC0-301F-11D3-BF4B-00C04F79EFBC}") = "cnn.plugin.hangHoa", "plugin\cnn\cnn.plugin.hangHoa\cnn.plugin.hangHoa.csproj", "{7CC1CA15-00FC-41D4-942F-7A67A655E609}"
EndProject
Project("{FAE04EC0-301F-11D3-BF4B-00C04F79EFBC}") = "cnn.plugin.giaoThuong", "plugin\cnn\cnn.plugin.giaoThuong\cnn.plugin.giaoThuong.csproj", "{01C654E2-97B1-4CB4-979B-F0DBBDD99ADD}"
EndProject
Project("{FAE04EC0-301F-11D3-BF4B-00C04F79EFBC}") = "cnn.plugin.language", "plugin\cnn\cnn.plugin.language\cnn.plugin.language.csproj", "{AF7B7551-14D7-4E15-AC6B-BAC18D116181}"
EndProject
Project("{FAE04EC0-301F-11D3-BF4B-00C04F79EFBC}") = "cnn.entities", "core\cnn.entities\cnn.entities.csproj", "{3C6DD63D-027A-4CF6-BEFD-BA99CCFD92A5}"
EndProject
Project("{FAE04EC0-301F-11D3-BF4B-00C04F79EFBC}") = "cnn.plugin.tin", "plugin\cnn\cnn.plugin.tin\cnn.plugin.tin.csproj", "{BCD50D4A-B72F-4F3B-8005-1F6F779FC7A8}"
EndProject
Project("{FAE04EC0-301F-11D3-BF4B-00C04F79EFBC}") = "cnn.plugin.Resources", "plugin\cnn\cnn.plugin.Resources\cnn.plugin.Resources.csproj", "{DD04130D-9305-4567-9FEB-BABF1D9303F3}"
EndProject
Project("{FAE04EC0-301F-11D3-BF4B-00C04F79EFBC}") = "cnn.plugin.Raovatcontrol.DKDVTRV", "plugin\cnn\cnn.plugin.Raovatcontrol.DKDVTRV\cnn.plugin.Raovatcontrol.DKDVTRV.csproj", "{C422C9BB-224D-4F84-8CC3-CEEDACCF4F08}"
EndProject
Project("{FAE04EC0-301F-11D3-BF4B-00C04F79EFBC}") = "cnn.plugin.raoVatMgr", "plugin\cnn\cnn.plugin.raoVatMgr\cnn.plugin.raoVatMgr.csproj", "{FB2048BA-3385-42EF-ADE9-B41F3C1B5939}"
EndProject
Project("{FAE04EC0-301F-11D3-BF4B-00C04F79EFBC}") = "cnn.plugin.QuanLyLienHe", "plugin\heThong\cnn.plugin.QuanLyLienHe\cnn.plugin.QuanLyLienHe.csproj", "{343B9F31-8E76-4D6D-9422-E1100AC5B10A}"
EndProject
Project("{FAE04EC0-301F-11D3-BF4B-00C04F79EFBC}") = "cnn.plugin.doanhNghiep", "plugin\cnn\cnn.plugin.doanhNghiep\cnn.plugin.doanhNghiep.csproj", "{C2468DF3-3A16-48FD-A630-0C8D40DE5A52}"
EndProject
Project("{FAE04EC0-301F-11D3-BF4B-00C04F79EFBC}") = "cnn.plugin.quangCao", "plugin\cnn\cnn.plugin.quangCao\cnn.plugin.quangCao.csproj", "{948CE9C1-F02A-400D-8DA0-4EED8A418804}"
EndProject
Project("{FAE04EC0-301F-11D3-BF4B-00C04F79EFBC}") = "cnn.plugin.tinNhan", "cnn.plugin.tinNhan\cnn.plugin.tinNhan.csproj", "{E965E7F0-FBA2-4B40-A2E2-15588D733CFA}"
EndProject
Project("{FAE04EC0-301F-11D3-BF4B-00C04F79EFBC}") = "cnn.plugin.Video", "plugin\cnn\cnn.plugin.Video\cnn.plugin.Video.csproj", "{DB270E02-F0B8-4F8B-BBA3-2A39B7B1C0EF}"
EndProject
Project("{FAE04EC0-301F-11D3-BF4B-00C04F79EFBC}") = "linh.httpModule", "core\linh.httpModule\linh.httpModule.csproj", "{5B2E54B7-A83C-4100-8285-A0630E7CED19}"
EndProject
Project("{FAE04EC0-301F-11D3-BF4B-00C04F79EFBC}") = "cnn.plugin.videoClip", "plugin\cnn\cnn.plugin.videoClip\cnn.plugin.videoClip.csproj", "{A95F75BA-E506-446D-B402-D1C3D1EC0291}"
EndProject
Project("{FAE04EC0-301F-11D3-BF4B-00C04F79EFBC}") = "cnn.plugin.DangKyDichVu", "plugin\cnn\cnn.plugin.DangKyDichVu\cnn.plugin.DangKyDichVu.csproj", "{D2B104CC-5D78-44D2-B2B3-8B9531708281}"
EndProject
Project("{FAE04EC0-301F-11D3-BF4B-00C04F79EFBC}") = "cnn.plugin.popUp", "plugin\cnn\cnn.plugin.popUp\cnn.plugin.popUp.csproj", "{C1D5261B-3CB3-4AA3-BC7E-A469CD5A1964}"
EndProject
Project("{FAE04EC0-301F-11D3-BF4B-00C04F79EFBC}") = "cnn.plugin.thongTinDonVi", "plugin\cnn\cnn.plugin.thongTinDonVi\cnn.plugin.thongTinDonVi.csproj", "{1EEFB56A-D763-4C02-B736-1F1FAD6AE1A0}"
EndProject
Project("{FAE04EC0-301F-11D3-BF4B-00C04F79EFBC}") = "cnn.plugin.QuanLySanPham", "plugin\cnn\cnn.plugin.QuanLySanPham\cnn.plugin.QuanLySanPham.csproj", "{3057C995-378B-4306-BEBB-8473B13F4E47}"
EndProject
Project("{2150E333-8FDC-42A3-9474-1A3956D46DE8}") = "rss", "rss", "{30D47170-FFC8-4973-9EAB-EEF99DED4A68}"
EndProject
Project("{FAE04EC0-301F-11D3-BF4B-00C04F79EFBC}") = "plugin.rss.bao", "plugin\rss\plugin.rss.bao\plugin.rss.bao.csproj", "{2DCE19B0-97A5-4F27-A0EC-C6DA96158585}"
EndProject
Project("{FAE04EC0-301F-11D3-BF4B-00C04F79EFBC}") = "plugin.rss.kenhRss", "plugin\rss\plugin.rss.kenhRss\plugin.rss.kenhRss.csproj", "{4C733615-D665-4F97-B9A3-7BC006B1AC13}"
EndProject
Project("{FAE04EC0-301F-11D3-BF4B-00C04F79EFBC}") = "plugin.rss.nhom", "plugin\rss\plugin.rss.nhom\plugin.rss.nhom.csproj", "{D06BA9D6-5122-44F4-94D2-BEB10AAAE959}"
EndProject
Project("{FAE04EC0-301F-11D3-BF4B-00C04F79EFBC}") = "plugin.rss.phanLoai", "plugin\rss\plugin.rss.phanLoai\plugin.rss.phanLoai.csproj", "{CBBDB05B-2F4B-4219-AF4F-5A41A8AAF14C}"
EndProject
Project("{FAE04EC0-301F-11D3-BF4B-00C04F79EFBC}") = "plugin.rss.tin", "plugin\rss\plugin.rss.tin\plugin.rss.tin.csproj", "{44BB94C6-0DB6-4AA9-83AE-E837873DBC3C}"
EndProject
Project("{FAE04EC0-301F-11D3-BF4B-00C04F79EFBC}") = "plugin.rss.topic", "plugin\rss\plugin.rss.topic\plugin.rss.topic.csproj", "{A3EE405B-F10D-4159-938C-3A20F7311A8E}"
EndProject
Project("{FAE04EC0-301F-11D3-BF4B-00C04F79EFBC}") = "plugin.rss.youTube", "plugin\rss\plugin.rss.youTube\plugin.rss.youTube.csproj", "{62BC964E-3AA5-4D5A-B6F7-05348CAF8EA1}"
EndProject
Project("{FAE04EC0-301F-11D3-BF4B-00C04F79EFBC}") = "docbao", "core\docbao\docbao.csproj", "{421FA6FA-8004-49A3-8914-05F6EA4B6A94}"
EndProject
Project("{2150E333-8FDC-42A3-9474-1A3956D46DE8}") = "KTNN", "KTNN", "{1A00CE8A-E801-4801-88F9-38FA7F627BB6}"
EndProject
Project("{FAE04EC0-301F-11D3-BF4B-00C04F79EFBC}") = "cnn.plugin.ktnn", "plugin\KTNN\cnn.plugin.ktnn\cnn.plugin.ktnn.csproj", "{586357D9-DEF7-4B73-BEB0-A8AAA94F274F}"
EndProject
Project("{FAE04EC0-301F-11D3-BF4B-00C04F79EFBC}") = "cnn.plugin.LienHeChung", "plugin\cnn\cnn.plugin.LienHeChung\cnn.plugin.LienHeChung.csproj", "{6CF6F460-C541-4ED5-89B5-87ED3AA2E36B}"
EndProject
Project("{FAE04EC0-301F-11D3-BF4B-00C04F79EFBC}") = "docsoft.hethong.DangNhap", "plugin\system\docsoft.hethong.DangNhap\docsoft.hethong.DangNhap.csproj", "{0B57A087-6372-4E87-ADCA-835560208CFB}"
EndProject
Project("{FAE04EC0-301F-11D3-BF4B-00C04F79EFBC}") = "docsoft.plugin.UserInfo", "plugin\system\docsoft.plugin.UserInfo\docsoft.plugin.UserInfo.csproj", "{19C0BC4C-034F-42EB-893C-C9FB28A22B01}"
EndProject
Project("{FAE04EC0-301F-11D3-BF4B-00C04F79EFBC}") = "cnn.plugin.danhBaWeb", "plugin\cnn\cnn.plugin.danhBaWeb\cnn.plugin.danhBaWeb.csproj", "{3FDDD25C-BF01-4889-8081-5A1E7E152DEC}"
EndProject
Project("{FAE04EC0-301F-11D3-BF4B-00C04F79EFBC}") = "cnn.plugin.DiaChiBG", "plugin\cnn\cnn.plugin.DiaChiBG\cnn.plugin.DiaChiBG.csproj", "{3E5531E7-24B7-4757-A474-9FCEE7CADFFC}"
EndProject
Project("{FAE04EC0-301F-11D3-BF4B-00C04F79EFBC}") = "plugin.rss.KTNN", "plugin\rss\plugin.rss.KTNN\plugin.rss.KTNN.csproj", "{20AFD64D-8A30-4298-AD4A-117193B8B0B4}"
EndProject
Project("{2150E333-8FDC-42A3-9474-1A3956D46DE8}") = "mamvui", "mamvui", "{0A60C08E-D264-4549-A60D-673756DE358C}"
EndProject
Project("{FAE04EC0-301F-11D3-BF4B-00C04F79EFBC}") = "mamvui.plugin.datHang", "plugin\mamvui\mamvui.plugin.datHang\mamvui.plugin.datHang.csproj", "{9B41430F-280A-40AC-A920-BBA956C80BDA}"
EndProject
Project("{2150E333-8FDC-42A3-9474-1A3956D46DE8}") = "spa", "spa", "{481FC1B5-B48A-4C3B-A565-6F2AB09107EE}"
EndProject
Project("{FAE04EC0-301F-11D3-BF4B-00C04F79EFBC}") = "plugin.spa.quanLySpa", "plugin\spa\plugin.spa.quanLySpa\plugin.spa.quanLySpa.csproj", "{F68079DA-2E19-4A46-9DA8-043468FF57F4}"
EndProject
Project("{FAE04EC0-301F-11D3-BF4B-00C04F79EFBC}") = "spa.entities", "core\spa.entities\spa.entities.csproj", "{2BEAFF04-A902-4EF2-896D-A8E26CD1D4B2}"
EndProject
Project("{FAE04EC0-301F-11D3-BF4B-00C04F79EFBC}") = "plugin.spa.SpaTopMgr", "plugin\spa\plugin.spa.SpaTopMgr\plugin.spa.SpaTopMgr.csproj", "{9455A071-F738-4AEF-A7A9-5B04A333CEB9}"
EndProject
Project("{FAE04EC0-301F-11D3-BF4B-00C04F79EFBC}") = "plugin.spa.SpaDichVuMgr", "plugin\spa\plugin.spa.SpaDichVuMgr\plugin.spa.SpaDichVuMgr.csproj", "{1CADEF5A-67AE-4A12-B8F2-E2A679BDA99A}"
EndProject
Project("{FAE04EC0-301F-11D3-BF4B-00C04F79EFBC}") = "plugin.spa.SpaKhuyenMaiMgr", "plugin\spa\plugin.spa.SpaKhuyenMaiMgr\plugin.spa.SpaKhuyenMaiMgr.csproj", "{B8742771-175E-4D6D-A4BB-71FB8416F1B8}"
EndProject
Project("{FAE04EC0-301F-11D3-BF4B-00C04F79EFBC}") = "plugin.spa.SpaKhachHangMgr", "plugin\spa\plugin.spa.SpaKhachHangMgr\plugin.spa.SpaKhachHangMgr.csproj", "{8513620E-855D-4F7B-ADFF-21E37AC6F135}"
EndProject
Project("{FAE04EC0-301F-11D3-BF4B-00C04F79EFBC}") = "plugin.spa.SpaHoiDapMgr", "plugin\spa\plugin.spa.SpaHoiDapMgr\plugin.spa.SpaHoiDapMgr.csproj", "{92223688-2588-4F6A-A00B-E1192DE64660}"
EndProject
Project("{FAE04EC0-301F-11D3-BF4B-00C04F79EFBC}") = "plugin.spa.hinhAnhSpaMgr", "plugin\spa\plugin.spa.hinhAnhSpaMgr\plugin.spa.hinhAnhSpaMgr.csproj", "{64E28826-A980-44B3-9764-2264033CC90D}"
EndProject
Project("{2150E333-8FDC-42A3-9474-1A3956D46DE8}") = "appStore", "appStore", "{0D5B1370-BD69-4DB0-99E6-DA819EC6D919}"
EndProject
Project("{FAE04EC0-301F-11D3-BF4B-00C04F79EFBC}") = "plugin.spa.datDichVuMgr", "plugin\spa\plugin.spa.datDichVuMgr\plugin.spa.datDichVuMgr.csproj", "{9334B92A-04E3-4EF6-A118-E713791C8D97}"
EndProject
Global
	GlobalSection(TeamFoundationVersionControl) = preSolution
		SccNumberOfProjects = 62
		SccEnterpriseProvider = {4CA58AB2-18FA-4F8D-95D4-32DDF27D184C}
		SccTeamFoundationServer = http://r2.phanmemthuyloi.vn:8080/tfs/ex
		SccLocalPath0 = .
		SccProjectUniqueName1 = cnn.plugin.tinNhan\\cnn.plugin.tinNhan.csproj
		SccProjectTopLevelParentUniqueName1 = spav4.sln
		SccProjectName1 = cnn.plugin.tinNhan
		SccLocalPath1 = cnn.plugin.tinNhan
		SccProjectUniqueName2 = core\\cnn.entities\\cnn.entities.csproj
		SccProjectTopLevelParentUniqueName2 = spav4.sln
		SccProjectName2 = core/cnn.entities
		SccLocalPath2 = core\\cnn.entities
		SccProjectUniqueName3 = core\\docbao\\docbao.csproj
		SccProjectTopLevelParentUniqueName3 = spav4.sln
		SccProjectName3 = core/docbao
		SccLocalPath3 = core\\docbao
		SccProjectUniqueName4 = core\\docsoft.entities\\docsoft.entities.csproj
		SccProjectTopLevelParentUniqueName4 = spav4.sln
		SccProjectName4 = core/docsoft.entities
		SccLocalPath4 = core\\docsoft.entities
		SccProjectUniqueName5 = core\\docsoft\\docsoft.csproj
		SccProjectTopLevelParentUniqueName5 = spav4.sln
		SccProjectName5 = core/docsoft
		SccLocalPath5 = core\\docsoft
		SccProjectUniqueName6 = core\\linh.httpModule\\linh.httpModule.csproj
		SccProjectTopLevelParentUniqueName6 = spav4.sln
		SccProjectName6 = core/linh.httpModule
		SccLocalPath6 = core\\linh.httpModule
		SccProjectUniqueName7 = core\\linh\\linh.csproj
		SccProjectTopLevelParentUniqueName7 = spav4.sln
		SccProjectName7 = core/linh
		SccLocalPath7 = core\\linh
		SccProjectUniqueName8 = plugin\\cnn\\cnn.plugin.DangKyDichVu\\cnn.plugin.DangKyDichVu.csproj
		SccProjectTopLevelParentUniqueName8 = spav4.sln
		SccProjectName8 = plugin/cnn/cnn.plugin.DangKyDichVu
		SccLocalPath8 = plugin\\cnn\\cnn.plugin.DangKyDichVu
		SccProjectUniqueName9 = plugin\\cnn\\cnn.plugin.danhBaWeb\\cnn.plugin.danhBaWeb.csproj
		SccProjectTopLevelParentUniqueName9 = spav4.sln
		SccProjectName9 = plugin/cnn/cnn.plugin.danhBaWeb
		SccLocalPath9 = plugin\\cnn\\cnn.plugin.danhBaWeb
		SccProjectUniqueName10 = plugin\\cnn\\cnn.plugin.DiaChiBG\\cnn.plugin.DiaChiBG.csproj
		SccProjectTopLevelParentUniqueName10 = spav4.sln
		SccProjectName10 = plugin/cnn/cnn.plugin.DiaChiBG
		SccLocalPath10 = plugin\\cnn\\cnn.plugin.DiaChiBG
		SccProjectUniqueName11 = plugin\\cnn\\cnn.plugin.doanhNghiep\\cnn.plugin.doanhNghiep.csproj
		SccProjectTopLevelParentUniqueName11 = spav4.sln
		SccProjectName11 = plugin/cnn/cnn.plugin.doanhNghiep
		SccLocalPath11 = plugin\\cnn\\cnn.plugin.doanhNghiep
		SccProjectUniqueName12 = plugin\\cnn\\cnn.plugin.giaoThuong\\cnn.plugin.giaoThuong.csproj
		SccProjectTopLevelParentUniqueName12 = spav4.sln
		SccProjectName12 = plugin/cnn/cnn.plugin.giaoThuong
		SccLocalPath12 = plugin\\cnn\\cnn.plugin.giaoThuong
		SccProjectUniqueName13 = plugin\\cnn\\cnn.plugin.hangHoa\\cnn.plugin.hangHoa.csproj
		SccProjectTopLevelParentUniqueName13 = spav4.sln
		SccProjectName13 = plugin/cnn/cnn.plugin.hangHoa
		SccLocalPath13 = plugin\\cnn\\cnn.plugin.hangHoa
		SccProjectUniqueName14 = plugin\\cnn\\cnn.plugin.language\\cnn.plugin.language.csproj
		SccProjectTopLevelParentUniqueName14 = spav4.sln
		SccProjectName14 = plugin/cnn/cnn.plugin.language
		SccLocalPath14 = plugin\\cnn\\cnn.plugin.language
		SccProjectUniqueName15 = plugin\\cnn\\cnn.plugin.LienHeChung\\cnn.plugin.LienHeChung.csproj
		SccProjectTopLevelParentUniqueName15 = spav4.sln
		SccProjectName15 = plugin/cnn/cnn.plugin.LienHeChung
		SccLocalPath15 = plugin\\cnn\\cnn.plugin.LienHeChung
		SccProjectUniqueName16 = plugin\\cnn\\cnn.plugin.popUp\\cnn.plugin.popUp.csproj
		SccProjectTopLevelParentUniqueName16 = spav4.sln
		SccProjectName16 = plugin/cnn/cnn.plugin.popUp
		SccLocalPath16 = plugin\\cnn\\cnn.plugin.popUp
		SccProjectUniqueName17 = plugin\\cnn\\cnn.plugin.quangCao\\cnn.plugin.quangCao.csproj
		SccProjectTopLevelParentUniqueName17 = spav4.sln
		SccProjectName17 = plugin/cnn/cnn.plugin.quangCao
		SccLocalPath17 = plugin\\cnn\\cnn.plugin.quangCao
		SccProjectUniqueName18 = plugin\\cnn\\cnn.plugin.QuanLySanPham\\cnn.plugin.QuanLySanPham.csproj
		SccProjectTopLevelParentUniqueName18 = spav4.sln
		SccProjectName18 = plugin/cnn/cnn.plugin.QuanLySanPham
		SccLocalPath18 = plugin\\cnn\\cnn.plugin.QuanLySanPham
		SccProjectUniqueName19 = plugin\\cnn\\cnn.plugin.Raovatcontrol.DKDVTRV\\cnn.plugin.Raovatcontrol.DKDVTRV.csproj
		SccProjectTopLevelParentUniqueName19 = spav4.sln
		SccProjectName19 = plugin/cnn/cnn.plugin.Raovatcontrol.DKDVTRV
		SccLocalPath19 = plugin\\cnn\\cnn.plugin.Raovatcontrol.DKDVTRV
		SccProjectUniqueName20 = plugin\\cnn\\cnn.plugin.raoVatMgr\\cnn.plugin.raoVatMgr.csproj
		SccProjectTopLevelParentUniqueName20 = spav4.sln
		SccProjectName20 = plugin/cnn/cnn.plugin.raoVatMgr
		SccLocalPath20 = plugin\\cnn\\cnn.plugin.raoVatMgr
		SccProjectUniqueName21 = plugin\\cnn\\cnn.plugin.Resources\\cnn.plugin.Resources.csproj
		SccProjectTopLevelParentUniqueName21 = spav4.sln
		SccProjectName21 = plugin/cnn/cnn.plugin.Resources
		SccLocalPath21 = plugin\\cnn\\cnn.plugin.Resources
		SccProjectUniqueName22 = plugin\\cnn\\cnn.plugin.thongTinDonVi\\cnn.plugin.thongTinDonVi.csproj
		SccProjectTopLevelParentUniqueName22 = spav4.sln
		SccProjectName22 = plugin/cnn/cnn.plugin.thongTinDonVi
		SccLocalPath22 = plugin\\cnn\\cnn.plugin.thongTinDonVi
		SccProjectUniqueName23 = plugin\\cnn\\cnn.plugin.tin\\cnn.plugin.tin.csproj
		SccProjectTopLevelParentUniqueName23 = spav4.sln
		SccProjectName23 = plugin/cnn/cnn.plugin.tin
		SccLocalPath23 = plugin\\cnn\\cnn.plugin.tin
		SccProjectUniqueName24 = plugin\\cnn\\cnn.plugin.Video\\cnn.plugin.Video.csproj
		SccProjectTopLevelParentUniqueName24 = spav4.sln
		SccProjectName24 = plugin/cnn/cnn.plugin.Video
		SccLocalPath24 = plugin\\cnn\\cnn.plugin.Video
		SccProjectUniqueName25 = plugin\\cnn\\cnn.plugin.videoClip\\cnn.plugin.videoClip.csproj
		SccProjectTopLevelParentUniqueName25 = spav4.sln
		SccProjectName25 = plugin/cnn/cnn.plugin.videoClip
		SccLocalPath25 = plugin\\cnn\\cnn.plugin.videoClip
		SccProjectUniqueName26 = plugin\\danhMuc\\docsoft.plugin.danhmuc\\docsoft.plugin.danhmuc.csproj
		SccProjectTopLevelParentUniqueName26 = spav4.sln
		SccProjectName26 = plugin/danhMuc/docsoft.plugin.danhmuc
		SccLocalPath26 = plugin\\danhMuc\\docsoft.plugin.danhmuc
		SccProjectUniqueName27 = plugin\\danhMuc\\docsoft.plugin.LoaiDanhmuc\\docsoft.plugin.LoaiDanhmuc.csproj
		SccProjectTopLevelParentUniqueName27 = spav4.sln
		SccProjectName27 = plugin/danhMuc/docsoft.plugin.LoaiDanhmuc
		SccLocalPath27 = plugin\\danhMuc\\docsoft.plugin.LoaiDanhmuc
		SccProjectUniqueName28 = plugin\\heThong\\cnn.plugin.QuanLyLienHe\\cnn.plugin.QuanLyLienHe.csproj
		SccProjectTopLevelParentUniqueName28 = spav4.sln
		SccProjectName28 = plugin/heThong/cnn.plugin.QuanLyLienHe
		SccLocalPath28 = plugin\\heThong\\cnn.plugin.QuanLyLienHe
		SccProjectUniqueName29 = plugin\\heThong\\docsoft.plugin.hethong.banlamviec\\docsoft.plugin.hethong.banlamviec.csproj
		SccProjectTopLevelParentUniqueName29 = spav4.sln
		SccProjectName29 = plugin/heThong/docsoft.plugin.hethong.banlamviec
		SccLocalPath29 = plugin\\heThong\\docsoft.plugin.hethong.banlamviec
		SccProjectUniqueName30 = plugin\\heThong\\docsoft.plugin.hethong.coquan\\docsoft.plugin.hethong.coquan.csproj
		SccProjectTopLevelParentUniqueName30 = spav4.sln
		SccProjectName30 = plugin/heThong/docsoft.plugin.hethong.coquan
		SccLocalPath30 = plugin\\heThong\\docsoft.plugin.hethong.coquan
		SccProjectUniqueName31 = plugin\\heThong\\docsoft.plugin.hethong.functions\\docsoft.plugin.hethong.functions.csproj
		SccProjectTopLevelParentUniqueName31 = spav4.sln
		SccProjectName31 = plugin/heThong/docsoft.plugin.hethong.functions
		SccLocalPath31 = plugin\\heThong\\docsoft.plugin.hethong.functions
		SccProjectUniqueName32 = plugin\\heThong\\docsoft.plugin.hethong.quanlyLog\\docsoft.plugin.hethong.quanlyLog.csproj
		SccProjectTopLevelParentUniqueName32 = spav4.sln
		SccProjectName32 = plugin/heThong/docsoft.plugin.hethong.quanlyLog
		SccLocalPath32 = plugin\\heThong\\docsoft.plugin.hethong.quanlyLog
		SccProjectUniqueName33 = plugin\\heThong\\docsoft.plugin.hethong.quanLyQuyen\\docsoft.plugin.hethong.quanLyQuyen.csproj
		SccProjectTopLevelParentUniqueName33 = spav4.sln
		SccProjectName33 = plugin/heThong/docsoft.plugin.hethong.quanLyQuyen
		SccLocalPath33 = plugin\\heThong\\docsoft.plugin.hethong.quanLyQuyen
		SccProjectUniqueName34 = plugin\\heThong\\docsoft.plugin.hethong.thanhvien\\docsoft.plugin.hethong.thanhvien.csproj
		SccProjectTopLevelParentUniqueName34 = spav4.sln
		SccProjectName34 = plugin/heThong/docsoft.plugin.hethong.thanhvien
		SccLocalPath34 = plugin\\heThong\\docsoft.plugin.hethong.thanhvien
		SccProjectUniqueName35 = plugin\\KTNN\\cnn.plugin.ktnn\\cnn.plugin.ktnn.csproj
		SccProjectTopLevelParentUniqueName35 = spav4.sln
		SccProjectName35 = plugin/KTNN/cnn.plugin.ktnn
		SccLocalPath35 = plugin\\KTNN\\cnn.plugin.ktnn
		SccProjectUniqueName36 = plugin\\mamvui\\mamvui.plugin.datHang\\mamvui.plugin.datHang.csproj
		SccProjectTopLevelParentUniqueName36 = spav4.sln
		SccProjectName36 = plugin/mamvui/mamvui.plugin.datHang
		SccLocalPath36 = plugin\\mamvui\\mamvui.plugin.datHang
		SccProjectUniqueName37 = plugin\\rss\\plugin.rss.bao\\plugin.rss.bao.csproj
		SccProjectTopLevelParentUniqueName37 = spav4.sln
		SccProjectName37 = plugin/rss/plugin.rss.bao
		SccLocalPath37 = plugin\\rss\\plugin.rss.bao
		SccProjectUniqueName38 = plugin\\rss\\plugin.rss.kenhRss\\plugin.rss.kenhRss.csproj
		SccProjectTopLevelParentUniqueName38 = spav4.sln
		SccProjectName38 = plugin/rss/plugin.rss.kenhRss
		SccLocalPath38 = plugin\\rss\\plugin.rss.kenhRss
		SccProjectUniqueName39 = plugin\\rss\\plugin.rss.KTNN\\plugin.rss.KTNN.csproj
		SccProjectTopLevelParentUniqueName39 = spav4.sln
		SccProjectName39 = plugin/rss/plugin.rss.KTNN
		SccLocalPath39 = plugin\\rss\\plugin.rss.KTNN
		SccProjectUniqueName40 = plugin\\rss\\plugin.rss.nhom\\plugin.rss.nhom.csproj
		SccProjectTopLevelParentUniqueName40 = spav4.sln
		SccProjectName40 = plugin/rss/plugin.rss.nhom
		SccLocalPath40 = plugin\\rss\\plugin.rss.nhom
		SccProjectUniqueName41 = plugin\\rss\\plugin.rss.phanLoai\\plugin.rss.phanLoai.csproj
		SccProjectTopLevelParentUniqueName41 = spav4.sln
		SccProjectName41 = plugin/rss/plugin.rss.phanLoai
		SccLocalPath41 = plugin\\rss\\plugin.rss.phanLoai
		SccProjectUniqueName42 = plugin\\rss\\plugin.rss.tin\\plugin.rss.tin.csproj
		SccProjectTopLevelParentUniqueName42 = spav4.sln
		SccProjectName42 = plugin/rss/plugin.rss.tin
		SccLocalPath42 = plugin\\rss\\plugin.rss.tin
		SccProjectUniqueName43 = plugin\\rss\\plugin.rss.topic\\plugin.rss.topic.csproj
		SccProjectTopLevelParentUniqueName43 = spav4.sln
		SccProjectName43 = plugin/rss/plugin.rss.topic
		SccLocalPath43 = plugin\\rss\\plugin.rss.topic
		SccProjectUniqueName44 = plugin\\rss\\plugin.rss.youTube\\plugin.rss.youTube.csproj
		SccProjectTopLevelParentUniqueName44 = spav4.sln
		SccProjectName44 = plugin/rss/plugin.rss.youTube
		SccLocalPath44 = plugin\\rss\\plugin.rss.youTube
		SccProjectUniqueName45 = plugin\\system\\docsoft.hethong.DangNhap\\docsoft.hethong.DangNhap.csproj
		SccProjectTopLevelParentUniqueName45 = spav4.sln
		SccProjectName45 = plugin/system/docsoft.hethong.DangNhap
		SccLocalPath45 = plugin\\system\\docsoft.hethong.DangNhap
		SccProjectUniqueName46 = plugin\\system\\docsoft.hethong.preload\\docsoft.hethong.preload.csproj
		SccProjectTopLevelParentUniqueName46 = spav4.sln
		SccProjectName46 = plugin/system/docsoft.hethong.preload
		SccLocalPath46 = plugin\\system\\docsoft.hethong.preload
		SccProjectUniqueName47 = plugin\\system\\docsoft.plugin.authentication\\docsoft.plugin.authentication.csproj
		SccProjectTopLevelParentUniqueName47 = spav4.sln
		SccProjectName47 = plugin/system/docsoft.plugin.authentication
		SccLocalPath47 = plugin\\system\\docsoft.plugin.authentication
		SccProjectUniqueName48 = plugin\\system\\docsoft.plugin.plugManager\\docsoft.plugin.plugManager.csproj
		SccProjectTopLevelParentUniqueName48 = spav4.sln
		SccProjectName48 = plugin/system/docsoft.plugin.plugManager
		SccLocalPath48 = plugin\\system\\docsoft.plugin.plugManager
		SccProjectUniqueName49 = plugin\\system\\docsoft.plugin.UserInfo\\docsoft.plugin.UserInfo.csproj
		SccProjectTopLevelParentUniqueName49 = spav4.sln
		SccProjectName49 = plugin/system/docsoft.plugin.UserInfo
		SccLocalPath49 = plugin\\system\\docsoft.plugin.UserInfo
		SccProjectUniqueName50 = plugin\\tinTuc\\agrobiotech.plugin.backend.thongketin\\agrobiotech.plugin.backend.thongketin.csproj
		SccProjectTopLevelParentUniqueName50 = spav4.sln
		SccProjectName50 = plugin/tinTuc/agrobiotech.plugin.backend.thongketin
		SccLocalPath50 = plugin\\tinTuc\\agrobiotech.plugin.backend.thongketin
		SccProjectUniqueName51 = plugin\\tinTuc\\projectMgr.plugin.backend.quangCao\\projectMgr.plugin.backend.quangCao.csproj
		SccProjectTopLevelParentUniqueName51 = spav4.sln
		SccProjectName51 = plugin/tinTuc/projectMgr.plugin.backend.quangCao
		SccLocalPath51 = plugin\\tinTuc\\projectMgr.plugin.backend.quangCao
		SccProjectUniqueName52 = plugin\\tinTuc\\projectMgr.plugin.backend.taiLieu\\projectMgr.plugin.backend.taiLieu.csproj
		SccProjectTopLevelParentUniqueName52 = spav4.sln
		SccProjectName52 = plugin/tinTuc/projectMgr.plugin.backend.taiLieu
		SccLocalPath52 = plugin\\tinTuc\\projectMgr.plugin.backend.taiLieu
		SccProjectUniqueName53 = plugin\\tinTuc\\projectMgr.plugin.backend.tinTuc\\projectMgr.plugin.backend.tinTuc.csproj
		SccProjectTopLevelParentUniqueName53 = spav4.sln
		SccProjectName53 = plugin/tinTuc/projectMgr.plugin.backend.tinTuc
		SccLocalPath53 = plugin\\tinTuc\\projectMgr.plugin.backend.tinTuc
		SccWebProject54 = true
		SccProjectUniqueName54 = web
		SccProjectName54 = web
		SccLocalPath54 = web
		SccProjectEnlistmentChoice54 = 2
		SccProjectUniqueName55 = plugin\\spa\\plugin.spa.quanLySpa\\plugin.spa.quanLySpa.csproj
		SccProjectTopLevelParentUniqueName55 = spav4.sln
		SccProjectName55 = plugin/spa/plugin.spa.quanLySpa
		SccLocalPath55 = plugin\\spa\\plugin.spa.quanLySpa
		SccProjectUniqueName56 = core\\spa.entities\\spa.entities.csproj
		SccProjectTopLevelParentUniqueName56 = spav4.sln
		SccProjectName56 = core/spa.entities
		SccLocalPath56 = core\\spa.entities
		SccProjectUniqueName57 = plugin\\spa\\plugin.spa.SpaTopMgr\\plugin.spa.SpaTopMgr.csproj
		SccProjectTopLevelParentUniqueName57 = spav4.sln
		SccProjectName57 = plugin/spa/plugin.spa.SpaTopMgr
		SccLocalPath57 = plugin\\spa\\plugin.spa.SpaTopMgr
		SccProjectUniqueName58 = plugin\\spa\\plugin.spa.SpaDichVuMgr\\plugin.spa.SpaDichVuMgr.csproj
		SccProjectTopLevelParentUniqueName58 = spav4.sln
		SccProjectName58 = plugin/spa/plugin.spa.SpaDichVuMgr
		SccLocalPath58 = plugin\\spa\\plugin.spa.SpaDichVuMgr
		SccProjectUniqueName59 = plugin\\spa\\plugin.spa.SpaKhuyenMaiMgr\\plugin.spa.SpaKhuyenMaiMgr.csproj
		SccProjectTopLevelParentUniqueName59 = spav4.sln
		SccProjectName59 = plugin/spa/plugin.spa.SpaKhuyenMaiMgr
		SccLocalPath59 = plugin\\spa\\plugin.spa.SpaKhuyenMaiMgr
		SccProjectUniqueName60 = plugin\\spa\\plugin.spa.SpaKhachHangMgr\\plugin.spa.SpaKhachHangMgr.csproj
		SccProjectTopLevelParentUniqueName60 = spav4.sln
		SccProjectName60 = plugin/spa/plugin.spa.SpaKhachHangMgr
		SccLocalPath60 = plugin\\spa\\plugin.spa.SpaKhachHangMgr
		SccProjectUniqueName61 = plugin\\spa\\plugin.spa.SpaHoiDapMgr\\plugin.spa.SpaHoiDapMgr.csproj
		SccProjectTopLevelParentUniqueName61 = spav4.sln
		SccProjectName61 = plugin/spa/plugin.spa.SpaHoiDapMgr
		SccLocalPath61 = plugin\\spa\\plugin.spa.SpaHoiDapMgr
	EndGlobalSection
	GlobalSection(SolutionConfigurationPlatforms) = preSolution
		Debug|Any CPU = Debug|Any CPU
		Debug|Mixed Platforms = Debug|Mixed Platforms
		Debug|x86 = Debug|x86
		Release|Any CPU = Release|Any CPU
		Release|Mixed Platforms = Release|Mixed Platforms
		Release|x86 = Release|x86
	EndGlobalSection
	GlobalSection(ProjectConfigurationPlatforms) = postSolution
		{57E9EC8D-655E-4BCC-9AFF-A505FAA878CA}.Debug|Any CPU.ActiveCfg = Debug|Any CPU
		{57E9EC8D-655E-4BCC-9AFF-A505FAA878CA}.Debug|Any CPU.Build.0 = Debug|Any CPU
		{57E9EC8D-655E-4BCC-9AFF-A505FAA878CA}.Debug|Mixed Platforms.ActiveCfg = Release|Any CPU
		{57E9EC8D-655E-4BCC-9AFF-A505FAA878CA}.Debug|Mixed Platforms.Build.0 = Release|Any CPU
		{57E9EC8D-655E-4BCC-9AFF-A505FAA878CA}.Debug|x86.ActiveCfg = Debug|Any CPU
		{57E9EC8D-655E-4BCC-9AFF-A505FAA878CA}.Release|Any CPU.ActiveCfg = Release|Any CPU
		{57E9EC8D-655E-4BCC-9AFF-A505FAA878CA}.Release|Any CPU.Build.0 = Release|Any CPU
		{57E9EC8D-655E-4BCC-9AFF-A505FAA878CA}.Release|Mixed Platforms.ActiveCfg = Release|Any CPU
		{57E9EC8D-655E-4BCC-9AFF-A505FAA878CA}.Release|Mixed Platforms.Build.0 = Release|Any CPU
		{57E9EC8D-655E-4BCC-9AFF-A505FAA878CA}.Release|x86.ActiveCfg = Release|Any CPU
		{081057F3-0D4E-4173-8D9F-2EA8CD9CD0C3}.Debug|Any CPU.ActiveCfg = Debug|Any CPU
		{081057F3-0D4E-4173-8D9F-2EA8CD9CD0C3}.Debug|Any CPU.Build.0 = Debug|Any CPU
		{081057F3-0D4E-4173-8D9F-2EA8CD9CD0C3}.Debug|Mixed Platforms.ActiveCfg = Release|Any CPU
		{081057F3-0D4E-4173-8D9F-2EA8CD9CD0C3}.Debug|Mixed Platforms.Build.0 = Release|Any CPU
		{081057F3-0D4E-4173-8D9F-2EA8CD9CD0C3}.Debug|x86.ActiveCfg = Debug|Any CPU
		{081057F3-0D4E-4173-8D9F-2EA8CD9CD0C3}.Release|Any CPU.ActiveCfg = Release|Any CPU
		{081057F3-0D4E-4173-8D9F-2EA8CD9CD0C3}.Release|Any CPU.Build.0 = Release|Any CPU
		{081057F3-0D4E-4173-8D9F-2EA8CD9CD0C3}.Release|Mixed Platforms.ActiveCfg = Release|Any CPU
		{081057F3-0D4E-4173-8D9F-2EA8CD9CD0C3}.Release|Mixed Platforms.Build.0 = Release|Any CPU
		{081057F3-0D4E-4173-8D9F-2EA8CD9CD0C3}.Release|x86.ActiveCfg = Release|Any CPU
		{AA37610E-2E32-44A7-918B-FA11F8DB8028}.Debug|Any CPU.ActiveCfg = Debug|Any CPU
		{AA37610E-2E32-44A7-918B-FA11F8DB8028}.Debug|Any CPU.Build.0 = Debug|Any CPU
		{AA37610E-2E32-44A7-918B-FA11F8DB8028}.Debug|Mixed Platforms.ActiveCfg = Release|Any CPU
		{AA37610E-2E32-44A7-918B-FA11F8DB8028}.Debug|Mixed Platforms.Build.0 = Release|Any CPU
		{AA37610E-2E32-44A7-918B-FA11F8DB8028}.Debug|x86.ActiveCfg = Debug|Any CPU
		{AA37610E-2E32-44A7-918B-FA11F8DB8028}.Release|Any CPU.ActiveCfg = Release|Any CPU
		{AA37610E-2E32-44A7-918B-FA11F8DB8028}.Release|Any CPU.Build.0 = Release|Any CPU
		{AA37610E-2E32-44A7-918B-FA11F8DB8028}.Release|Mixed Platforms.ActiveCfg = Release|Any CPU
		{AA37610E-2E32-44A7-918B-FA11F8DB8028}.Release|Mixed Platforms.Build.0 = Release|Any CPU
		{AA37610E-2E32-44A7-918B-FA11F8DB8028}.Release|x86.ActiveCfg = Release|Any CPU
		{0F7C52AE-C106-48E8-B8AF-2E3465E7C72B}.Debug|Any CPU.ActiveCfg = Debug|Any CPU
		{0F7C52AE-C106-48E8-B8AF-2E3465E7C72B}.Debug|Any CPU.Build.0 = Debug|Any CPU
		{0F7C52AE-C106-48E8-B8AF-2E3465E7C72B}.Debug|Mixed Platforms.ActiveCfg = Release|Any CPU
		{0F7C52AE-C106-48E8-B8AF-2E3465E7C72B}.Debug|Mixed Platforms.Build.0 = Release|Any CPU
		{0F7C52AE-C106-48E8-B8AF-2E3465E7C72B}.Debug|x86.ActiveCfg = Debug|Any CPU
		{0F7C52AE-C106-48E8-B8AF-2E3465E7C72B}.Release|Any CPU.ActiveCfg = Release|Any CPU
		{0F7C52AE-C106-48E8-B8AF-2E3465E7C72B}.Release|Any CPU.Build.0 = Release|Any CPU
		{0F7C52AE-C106-48E8-B8AF-2E3465E7C72B}.Release|Mixed Platforms.ActiveCfg = Release|Any CPU
		{0F7C52AE-C106-48E8-B8AF-2E3465E7C72B}.Release|Mixed Platforms.Build.0 = Release|Any CPU
		{0F7C52AE-C106-48E8-B8AF-2E3465E7C72B}.Release|x86.ActiveCfg = Release|Any CPU
		{9F8E88DA-17D5-42A1-B7E5-71A511608A68}.Debug|Any CPU.ActiveCfg = Debug|Any CPU
		{9F8E88DA-17D5-42A1-B7E5-71A511608A68}.Debug|Any CPU.Build.0 = Debug|Any CPU
		{9F8E88DA-17D5-42A1-B7E5-71A511608A68}.Debug|Mixed Platforms.ActiveCfg = Release|Any CPU
		{9F8E88DA-17D5-42A1-B7E5-71A511608A68}.Debug|Mixed Platforms.Build.0 = Release|Any CPU
		{9F8E88DA-17D5-42A1-B7E5-71A511608A68}.Debug|x86.ActiveCfg = Debug|Any CPU
		{9F8E88DA-17D5-42A1-B7E5-71A511608A68}.Release|Any CPU.ActiveCfg = Release|Any CPU
		{9F8E88DA-17D5-42A1-B7E5-71A511608A68}.Release|Any CPU.Build.0 = Release|Any CPU
		{9F8E88DA-17D5-42A1-B7E5-71A511608A68}.Release|Mixed Platforms.ActiveCfg = Release|Any CPU
		{9F8E88DA-17D5-42A1-B7E5-71A511608A68}.Release|Mixed Platforms.Build.0 = Release|Any CPU
		{9F8E88DA-17D5-42A1-B7E5-71A511608A68}.Release|x86.ActiveCfg = Release|Any CPU
		{937108F7-CFC4-4D79-8E6E-277BDB29B9B4}.Debug|Any CPU.ActiveCfg = Debug|Any CPU
		{937108F7-CFC4-4D79-8E6E-277BDB29B9B4}.Debug|Any CPU.Build.0 = Debug|Any CPU
		{937108F7-CFC4-4D79-8E6E-277BDB29B9B4}.Debug|Mixed Platforms.ActiveCfg = Release|Any CPU
		{937108F7-CFC4-4D79-8E6E-277BDB29B9B4}.Debug|Mixed Platforms.Build.0 = Release|Any CPU
		{937108F7-CFC4-4D79-8E6E-277BDB29B9B4}.Debug|x86.ActiveCfg = Debug|Any CPU
		{937108F7-CFC4-4D79-8E6E-277BDB29B9B4}.Release|Any CPU.ActiveCfg = Release|Any CPU
		{937108F7-CFC4-4D79-8E6E-277BDB29B9B4}.Release|Any CPU.Build.0 = Release|Any CPU
		{937108F7-CFC4-4D79-8E6E-277BDB29B9B4}.Release|Mixed Platforms.ActiveCfg = Release|Any CPU
		{937108F7-CFC4-4D79-8E6E-277BDB29B9B4}.Release|Mixed Platforms.Build.0 = Release|Any CPU
		{937108F7-CFC4-4D79-8E6E-277BDB29B9B4}.Release|x86.ActiveCfg = Release|Any CPU
		{7CAA3245-6650-4794-8D47-B8EB8EC4F1A4}.Debug|Any CPU.ActiveCfg = Debug|Any CPU
		{7CAA3245-6650-4794-8D47-B8EB8EC4F1A4}.Debug|Any CPU.Build.0 = Debug|Any CPU
		{7CAA3245-6650-4794-8D47-B8EB8EC4F1A4}.Debug|Mixed Platforms.ActiveCfg = Release|Any CPU
		{7CAA3245-6650-4794-8D47-B8EB8EC4F1A4}.Debug|Mixed Platforms.Build.0 = Release|Any CPU
		{7CAA3245-6650-4794-8D47-B8EB8EC4F1A4}.Debug|x86.ActiveCfg = Debug|Any CPU
		{7CAA3245-6650-4794-8D47-B8EB8EC4F1A4}.Release|Any CPU.ActiveCfg = Release|Any CPU
		{7CAA3245-6650-4794-8D47-B8EB8EC4F1A4}.Release|Any CPU.Build.0 = Release|Any CPU
		{7CAA3245-6650-4794-8D47-B8EB8EC4F1A4}.Release|Mixed Platforms.ActiveCfg = Release|Any CPU
		{7CAA3245-6650-4794-8D47-B8EB8EC4F1A4}.Release|Mixed Platforms.Build.0 = Release|Any CPU
		{7CAA3245-6650-4794-8D47-B8EB8EC4F1A4}.Release|x86.ActiveCfg = Release|Any CPU
		{CC520B50-0E12-48BB-AD04-B99C5EFF22B5}.Debug|Any CPU.ActiveCfg = Debug|Any CPU
		{CC520B50-0E12-48BB-AD04-B99C5EFF22B5}.Debug|Any CPU.Build.0 = Debug|Any CPU
		{CC520B50-0E12-48BB-AD04-B99C5EFF22B5}.Debug|Mixed Platforms.ActiveCfg = Release|Any CPU
		{CC520B50-0E12-48BB-AD04-B99C5EFF22B5}.Debug|Mixed Platforms.Build.0 = Release|Any CPU
		{CC520B50-0E12-48BB-AD04-B99C5EFF22B5}.Debug|x86.ActiveCfg = Debug|Any CPU
		{CC520B50-0E12-48BB-AD04-B99C5EFF22B5}.Release|Any CPU.ActiveCfg = Release|Any CPU
		{CC520B50-0E12-48BB-AD04-B99C5EFF22B5}.Release|Any CPU.Build.0 = Release|Any CPU
		{CC520B50-0E12-48BB-AD04-B99C5EFF22B5}.Release|Mixed Platforms.ActiveCfg = Release|Any CPU
		{CC520B50-0E12-48BB-AD04-B99C5EFF22B5}.Release|Mixed Platforms.Build.0 = Release|Any CPU
		{CC520B50-0E12-48BB-AD04-B99C5EFF22B5}.Release|x86.ActiveCfg = Release|Any CPU
		{133CE280-4BD6-499C-9416-BF464E4FD772}.Debug|Any CPU.ActiveCfg = Debug|Any CPU
		{133CE280-4BD6-499C-9416-BF464E4FD772}.Debug|Any CPU.Build.0 = Debug|Any CPU
		{133CE280-4BD6-499C-9416-BF464E4FD772}.Debug|Mixed Platforms.ActiveCfg = Release|Any CPU
		{133CE280-4BD6-499C-9416-BF464E4FD772}.Debug|Mixed Platforms.Build.0 = Release|Any CPU
		{133CE280-4BD6-499C-9416-BF464E4FD772}.Debug|x86.ActiveCfg = Debug|Any CPU
		{133CE280-4BD6-499C-9416-BF464E4FD772}.Release|Any CPU.ActiveCfg = Release|Any CPU
		{133CE280-4BD6-499C-9416-BF464E4FD772}.Release|Any CPU.Build.0 = Release|Any CPU
		{133CE280-4BD6-499C-9416-BF464E4FD772}.Release|Mixed Platforms.ActiveCfg = Release|Any CPU
		{133CE280-4BD6-499C-9416-BF464E4FD772}.Release|Mixed Platforms.Build.0 = Release|Any CPU
		{133CE280-4BD6-499C-9416-BF464E4FD772}.Release|x86.ActiveCfg = Release|Any CPU
		{2833E2EF-27DF-4292-845B-807828B624FE}.Debug|Any CPU.ActiveCfg = Debug|Any CPU
		{2833E2EF-27DF-4292-845B-807828B624FE}.Debug|Any CPU.Build.0 = Debug|Any CPU
		{2833E2EF-27DF-4292-845B-807828B624FE}.Debug|Mixed Platforms.ActiveCfg = Release|Any CPU
		{2833E2EF-27DF-4292-845B-807828B624FE}.Debug|Mixed Platforms.Build.0 = Release|Any CPU
		{2833E2EF-27DF-4292-845B-807828B624FE}.Debug|x86.ActiveCfg = Debug|Any CPU
		{2833E2EF-27DF-4292-845B-807828B624FE}.Release|Any CPU.ActiveCfg = Release|Any CPU
		{2833E2EF-27DF-4292-845B-807828B624FE}.Release|Any CPU.Build.0 = Release|Any CPU
		{2833E2EF-27DF-4292-845B-807828B624FE}.Release|Mixed Platforms.ActiveCfg = Release|Any CPU
		{2833E2EF-27DF-4292-845B-807828B624FE}.Release|Mixed Platforms.Build.0 = Release|Any CPU
		{2833E2EF-27DF-4292-845B-807828B624FE}.Release|x86.ActiveCfg = Release|Any CPU
		{A2212480-3C55-4412-B919-6813EA2AF759}.Debug|Any CPU.ActiveCfg = Debug|Any CPU
		{A2212480-3C55-4412-B919-6813EA2AF759}.Debug|Any CPU.Build.0 = Debug|Any CPU
		{A2212480-3C55-4412-B919-6813EA2AF759}.Debug|Mixed Platforms.ActiveCfg = Release|Any CPU
		{A2212480-3C55-4412-B919-6813EA2AF759}.Debug|Mixed Platforms.Build.0 = Release|Any CPU
		{A2212480-3C55-4412-B919-6813EA2AF759}.Debug|x86.ActiveCfg = Debug|Any CPU
		{A2212480-3C55-4412-B919-6813EA2AF759}.Release|Any CPU.ActiveCfg = Release|Any CPU
		{A2212480-3C55-4412-B919-6813EA2AF759}.Release|Any CPU.Build.0 = Release|Any CPU
		{A2212480-3C55-4412-B919-6813EA2AF759}.Release|Mixed Platforms.ActiveCfg = Release|Any CPU
		{A2212480-3C55-4412-B919-6813EA2AF759}.Release|Mixed Platforms.Build.0 = Release|Any CPU
		{A2212480-3C55-4412-B919-6813EA2AF759}.Release|x86.ActiveCfg = Release|Any CPU
		{50207108-A4D6-45F1-A6DD-AE2600798C67}.Debug|Any CPU.ActiveCfg = Debug|Any CPU
		{50207108-A4D6-45F1-A6DD-AE2600798C67}.Debug|Any CPU.Build.0 = Debug|Any CPU
		{50207108-A4D6-45F1-A6DD-AE2600798C67}.Debug|Mixed Platforms.ActiveCfg = Release|Any CPU
		{50207108-A4D6-45F1-A6DD-AE2600798C67}.Debug|Mixed Platforms.Build.0 = Release|Any CPU
		{50207108-A4D6-45F1-A6DD-AE2600798C67}.Debug|x86.ActiveCfg = Debug|Any CPU
		{50207108-A4D6-45F1-A6DD-AE2600798C67}.Release|Any CPU.ActiveCfg = Release|Any CPU
		{50207108-A4D6-45F1-A6DD-AE2600798C67}.Release|Any CPU.Build.0 = Release|Any CPU
		{50207108-A4D6-45F1-A6DD-AE2600798C67}.Release|Mixed Platforms.ActiveCfg = Release|Any CPU
		{50207108-A4D6-45F1-A6DD-AE2600798C67}.Release|Mixed Platforms.Build.0 = Release|Any CPU
		{50207108-A4D6-45F1-A6DD-AE2600798C67}.Release|x86.ActiveCfg = Release|Any CPU
		{B73DD6F1-AF34-48A5-80C4-CC9F8B8B10F3}.Debug|Any CPU.ActiveCfg = Debug|Any CPU
		{B73DD6F1-AF34-48A5-80C4-CC9F8B8B10F3}.Debug|Any CPU.Build.0 = Debug|Any CPU
		{B73DD6F1-AF34-48A5-80C4-CC9F8B8B10F3}.Debug|Mixed Platforms.ActiveCfg = Release|Any CPU
		{B73DD6F1-AF34-48A5-80C4-CC9F8B8B10F3}.Debug|Mixed Platforms.Build.0 = Release|Any CPU
		{B73DD6F1-AF34-48A5-80C4-CC9F8B8B10F3}.Debug|x86.ActiveCfg = Debug|Any CPU
		{B73DD6F1-AF34-48A5-80C4-CC9F8B8B10F3}.Release|Any CPU.ActiveCfg = Release|Any CPU
		{B73DD6F1-AF34-48A5-80C4-CC9F8B8B10F3}.Release|Any CPU.Build.0 = Release|Any CPU
		{B73DD6F1-AF34-48A5-80C4-CC9F8B8B10F3}.Release|Mixed Platforms.ActiveCfg = Release|Any CPU
		{B73DD6F1-AF34-48A5-80C4-CC9F8B8B10F3}.Release|Mixed Platforms.Build.0 = Release|Any CPU
		{B73DD6F1-AF34-48A5-80C4-CC9F8B8B10F3}.Release|x86.ActiveCfg = Release|Any CPU
		{C9F3A761-A5FE-440E-9905-5599558CB95B}.Debug|Any CPU.ActiveCfg = Debug|Any CPU
		{C9F3A761-A5FE-440E-9905-5599558CB95B}.Debug|Any CPU.Build.0 = Debug|Any CPU
		{C9F3A761-A5FE-440E-9905-5599558CB95B}.Debug|Mixed Platforms.ActiveCfg = Release|Any CPU
		{C9F3A761-A5FE-440E-9905-5599558CB95B}.Debug|Mixed Platforms.Build.0 = Release|Any CPU
		{C9F3A761-A5FE-440E-9905-5599558CB95B}.Debug|x86.ActiveCfg = Debug|Any CPU
		{C9F3A761-A5FE-440E-9905-5599558CB95B}.Release|Any CPU.ActiveCfg = Release|Any CPU
		{C9F3A761-A5FE-440E-9905-5599558CB95B}.Release|Any CPU.Build.0 = Release|Any CPU
		{C9F3A761-A5FE-440E-9905-5599558CB95B}.Release|Mixed Platforms.ActiveCfg = Release|Any CPU
		{C9F3A761-A5FE-440E-9905-5599558CB95B}.Release|Mixed Platforms.Build.0 = Release|Any CPU
		{C9F3A761-A5FE-440E-9905-5599558CB95B}.Release|x86.ActiveCfg = Release|Any CPU
		{127B56E1-FCA2-4385-A330-60AD922002D4}.Debug|Any CPU.ActiveCfg = Debug|Any CPU
		{127B56E1-FCA2-4385-A330-60AD922002D4}.Debug|Any CPU.Build.0 = Debug|Any CPU
		{127B56E1-FCA2-4385-A330-60AD922002D4}.Debug|Mixed Platforms.ActiveCfg = Release|Any CPU
		{127B56E1-FCA2-4385-A330-60AD922002D4}.Debug|Mixed Platforms.Build.0 = Release|Any CPU
		{127B56E1-FCA2-4385-A330-60AD922002D4}.Debug|x86.ActiveCfg = Debug|Any CPU
		{127B56E1-FCA2-4385-A330-60AD922002D4}.Release|Any CPU.ActiveCfg = Release|Any CPU
		{127B56E1-FCA2-4385-A330-60AD922002D4}.Release|Any CPU.Build.0 = Release|Any CPU
		{127B56E1-FCA2-4385-A330-60AD922002D4}.Release|Mixed Platforms.ActiveCfg = Release|Any CPU
		{127B56E1-FCA2-4385-A330-60AD922002D4}.Release|Mixed Platforms.Build.0 = Release|Any CPU
		{127B56E1-FCA2-4385-A330-60AD922002D4}.Release|x86.ActiveCfg = Release|Any CPU
		{CC439979-ED0D-449A-AD83-619426F88FC9}.Debug|Any CPU.ActiveCfg = Debug|Any CPU
		{CC439979-ED0D-449A-AD83-619426F88FC9}.Debug|Any CPU.Build.0 = Debug|Any CPU
		{CC439979-ED0D-449A-AD83-619426F88FC9}.Debug|Mixed Platforms.ActiveCfg = Debug|Any CPU
		{CC439979-ED0D-449A-AD83-619426F88FC9}.Debug|Mixed Platforms.Build.0 = Debug|Any CPU
		{CC439979-ED0D-449A-AD83-619426F88FC9}.Debug|x86.ActiveCfg = Debug|Any CPU
		{CC439979-ED0D-449A-AD83-619426F88FC9}.Release|Any CPU.ActiveCfg = Debug|Any CPU
		{CC439979-ED0D-449A-AD83-619426F88FC9}.Release|Any CPU.Build.0 = Debug|Any CPU
		{CC439979-ED0D-449A-AD83-619426F88FC9}.Release|Mixed Platforms.ActiveCfg = Debug|Any CPU
		{CC439979-ED0D-449A-AD83-619426F88FC9}.Release|Mixed Platforms.Build.0 = Debug|Any CPU
		{CC439979-ED0D-449A-AD83-619426F88FC9}.Release|x86.ActiveCfg = Debug|Any CPU
		{EA0EE624-F4A2-4677-A968-EAC87A73A0F7}.Debug|Any CPU.ActiveCfg = Debug|Any CPU
		{EA0EE624-F4A2-4677-A968-EAC87A73A0F7}.Debug|Any CPU.Build.0 = Debug|Any CPU
		{EA0EE624-F4A2-4677-A968-EAC87A73A0F7}.Debug|Mixed Platforms.ActiveCfg = Release|Any CPU
		{EA0EE624-F4A2-4677-A968-EAC87A73A0F7}.Debug|Mixed Platforms.Build.0 = Release|Any CPU
		{EA0EE624-F4A2-4677-A968-EAC87A73A0F7}.Debug|x86.ActiveCfg = Debug|Any CPU
		{EA0EE624-F4A2-4677-A968-EAC87A73A0F7}.Release|Any CPU.ActiveCfg = Release|Any CPU
		{EA0EE624-F4A2-4677-A968-EAC87A73A0F7}.Release|Any CPU.Build.0 = Release|Any CPU
		{EA0EE624-F4A2-4677-A968-EAC87A73A0F7}.Release|Mixed Platforms.ActiveCfg = Release|Any CPU
		{EA0EE624-F4A2-4677-A968-EAC87A73A0F7}.Release|Mixed Platforms.Build.0 = Release|Any CPU
		{EA0EE624-F4A2-4677-A968-EAC87A73A0F7}.Release|x86.ActiveCfg = Release|Any CPU
		{BDAA225E-6972-4CD2-8A8D-5CFABBA0003E}.Debug|Any CPU.ActiveCfg = Debug|Any CPU
		{BDAA225E-6972-4CD2-8A8D-5CFABBA0003E}.Debug|Any CPU.Build.0 = Debug|Any CPU
		{BDAA225E-6972-4CD2-8A8D-5CFABBA0003E}.Debug|Mixed Platforms.ActiveCfg = Release|Any CPU
		{BDAA225E-6972-4CD2-8A8D-5CFABBA0003E}.Debug|Mixed Platforms.Build.0 = Release|Any CPU
		{BDAA225E-6972-4CD2-8A8D-5CFABBA0003E}.Debug|x86.ActiveCfg = Debug|Any CPU
		{BDAA225E-6972-4CD2-8A8D-5CFABBA0003E}.Release|Any CPU.ActiveCfg = Release|Any CPU
		{BDAA225E-6972-4CD2-8A8D-5CFABBA0003E}.Release|Any CPU.Build.0 = Release|Any CPU
		{BDAA225E-6972-4CD2-8A8D-5CFABBA0003E}.Release|Mixed Platforms.ActiveCfg = Release|Any CPU
		{BDAA225E-6972-4CD2-8A8D-5CFABBA0003E}.Release|Mixed Platforms.Build.0 = Release|Any CPU
		{BDAA225E-6972-4CD2-8A8D-5CFABBA0003E}.Release|x86.ActiveCfg = Release|Any CPU
		{30B57B5F-E31F-4280-96DD-AF37B2F5E534}.Debug|Any CPU.ActiveCfg = Debug|Any CPU
		{30B57B5F-E31F-4280-96DD-AF37B2F5E534}.Debug|Any CPU.Build.0 = Debug|Any CPU
		{30B57B5F-E31F-4280-96DD-AF37B2F5E534}.Debug|Mixed Platforms.ActiveCfg = Release|Any CPU
		{30B57B5F-E31F-4280-96DD-AF37B2F5E534}.Debug|Mixed Platforms.Build.0 = Release|Any CPU
		{30B57B5F-E31F-4280-96DD-AF37B2F5E534}.Debug|x86.ActiveCfg = Debug|Any CPU
		{30B57B5F-E31F-4280-96DD-AF37B2F5E534}.Release|Any CPU.ActiveCfg = Release|Any CPU
		{30B57B5F-E31F-4280-96DD-AF37B2F5E534}.Release|Any CPU.Build.0 = Release|Any CPU
		{30B57B5F-E31F-4280-96DD-AF37B2F5E534}.Release|Mixed Platforms.ActiveCfg = Release|Any CPU
		{30B57B5F-E31F-4280-96DD-AF37B2F5E534}.Release|Mixed Platforms.Build.0 = Release|Any CPU
		{30B57B5F-E31F-4280-96DD-AF37B2F5E534}.Release|x86.ActiveCfg = Release|Any CPU
		{7CC1CA15-00FC-41D4-942F-7A67A655E609}.Debug|Any CPU.ActiveCfg = Debug|Any CPU
		{7CC1CA15-00FC-41D4-942F-7A67A655E609}.Debug|Any CPU.Build.0 = Debug|Any CPU
		{7CC1CA15-00FC-41D4-942F-7A67A655E609}.Debug|Mixed Platforms.ActiveCfg = Release|Any CPU
		{7CC1CA15-00FC-41D4-942F-7A67A655E609}.Debug|Mixed Platforms.Build.0 = Release|Any CPU
		{7CC1CA15-00FC-41D4-942F-7A67A655E609}.Debug|x86.ActiveCfg = Debug|Any CPU
		{7CC1CA15-00FC-41D4-942F-7A67A655E609}.Release|Any CPU.ActiveCfg = Release|Any CPU
		{7CC1CA15-00FC-41D4-942F-7A67A655E609}.Release|Any CPU.Build.0 = Release|Any CPU
		{7CC1CA15-00FC-41D4-942F-7A67A655E609}.Release|Mixed Platforms.ActiveCfg = Release|Any CPU
		{7CC1CA15-00FC-41D4-942F-7A67A655E609}.Release|Mixed Platforms.Build.0 = Release|Any CPU
		{7CC1CA15-00FC-41D4-942F-7A67A655E609}.Release|x86.ActiveCfg = Release|Any CPU
		{01C654E2-97B1-4CB4-979B-F0DBBDD99ADD}.Debug|Any CPU.ActiveCfg = Debug|Any CPU
		{01C654E2-97B1-4CB4-979B-F0DBBDD99ADD}.Debug|Any CPU.Build.0 = Debug|Any CPU
		{01C654E2-97B1-4CB4-979B-F0DBBDD99ADD}.Debug|Mixed Platforms.ActiveCfg = Release|Any CPU
		{01C654E2-97B1-4CB4-979B-F0DBBDD99ADD}.Debug|Mixed Platforms.Build.0 = Release|Any CPU
		{01C654E2-97B1-4CB4-979B-F0DBBDD99ADD}.Debug|x86.ActiveCfg = Debug|Any CPU
		{01C654E2-97B1-4CB4-979B-F0DBBDD99ADD}.Release|Any CPU.ActiveCfg = Release|Any CPU
		{01C654E2-97B1-4CB4-979B-F0DBBDD99ADD}.Release|Any CPU.Build.0 = Release|Any CPU
		{01C654E2-97B1-4CB4-979B-F0DBBDD99ADD}.Release|Mixed Platforms.ActiveCfg = Release|Any CPU
		{01C654E2-97B1-4CB4-979B-F0DBBDD99ADD}.Release|Mixed Platforms.Build.0 = Release|Any CPU
		{01C654E2-97B1-4CB4-979B-F0DBBDD99ADD}.Release|x86.ActiveCfg = Release|Any CPU
		{AF7B7551-14D7-4E15-AC6B-BAC18D116181}.Debug|Any CPU.ActiveCfg = Debug|Any CPU
		{AF7B7551-14D7-4E15-AC6B-BAC18D116181}.Debug|Any CPU.Build.0 = Debug|Any CPU
		{AF7B7551-14D7-4E15-AC6B-BAC18D116181}.Debug|Mixed Platforms.ActiveCfg = Release|Any CPU
		{AF7B7551-14D7-4E15-AC6B-BAC18D116181}.Debug|Mixed Platforms.Build.0 = Release|Any CPU
		{AF7B7551-14D7-4E15-AC6B-BAC18D116181}.Debug|x86.ActiveCfg = Debug|Any CPU
		{AF7B7551-14D7-4E15-AC6B-BAC18D116181}.Release|Any CPU.ActiveCfg = Release|Any CPU
		{AF7B7551-14D7-4E15-AC6B-BAC18D116181}.Release|Any CPU.Build.0 = Release|Any CPU
		{AF7B7551-14D7-4E15-AC6B-BAC18D116181}.Release|Mixed Platforms.ActiveCfg = Release|Any CPU
		{AF7B7551-14D7-4E15-AC6B-BAC18D116181}.Release|Mixed Platforms.Build.0 = Release|Any CPU
		{AF7B7551-14D7-4E15-AC6B-BAC18D116181}.Release|x86.ActiveCfg = Release|Any CPU
		{3C6DD63D-027A-4CF6-BEFD-BA99CCFD92A5}.Debug|Any CPU.ActiveCfg = Debug|Any CPU
		{3C6DD63D-027A-4CF6-BEFD-BA99CCFD92A5}.Debug|Any CPU.Build.0 = Debug|Any CPU
		{3C6DD63D-027A-4CF6-BEFD-BA99CCFD92A5}.Debug|Mixed Platforms.ActiveCfg = Release|Any CPU
		{3C6DD63D-027A-4CF6-BEFD-BA99CCFD92A5}.Debug|Mixed Platforms.Build.0 = Release|Any CPU
		{3C6DD63D-027A-4CF6-BEFD-BA99CCFD92A5}.Debug|x86.ActiveCfg = Debug|Any CPU
		{3C6DD63D-027A-4CF6-BEFD-BA99CCFD92A5}.Release|Any CPU.ActiveCfg = Release|Any CPU
		{3C6DD63D-027A-4CF6-BEFD-BA99CCFD92A5}.Release|Any CPU.Build.0 = Release|Any CPU
		{3C6DD63D-027A-4CF6-BEFD-BA99CCFD92A5}.Release|Mixed Platforms.ActiveCfg = Release|Any CPU
		{3C6DD63D-027A-4CF6-BEFD-BA99CCFD92A5}.Release|Mixed Platforms.Build.0 = Release|Any CPU
		{3C6DD63D-027A-4CF6-BEFD-BA99CCFD92A5}.Release|x86.ActiveCfg = Release|Any CPU
		{BCD50D4A-B72F-4F3B-8005-1F6F779FC7A8}.Debug|Any CPU.ActiveCfg = Debug|Any CPU
		{BCD50D4A-B72F-4F3B-8005-1F6F779FC7A8}.Debug|Any CPU.Build.0 = Debug|Any CPU
		{BCD50D4A-B72F-4F3B-8005-1F6F779FC7A8}.Debug|Mixed Platforms.ActiveCfg = Release|Any CPU
		{BCD50D4A-B72F-4F3B-8005-1F6F779FC7A8}.Debug|Mixed Platforms.Build.0 = Release|Any CPU
		{BCD50D4A-B72F-4F3B-8005-1F6F779FC7A8}.Debug|x86.ActiveCfg = Debug|Any CPU
		{BCD50D4A-B72F-4F3B-8005-1F6F779FC7A8}.Release|Any CPU.ActiveCfg = Release|Any CPU
		{BCD50D4A-B72F-4F3B-8005-1F6F779FC7A8}.Release|Any CPU.Build.0 = Release|Any CPU
		{BCD50D4A-B72F-4F3B-8005-1F6F779FC7A8}.Release|Mixed Platforms.ActiveCfg = Release|Any CPU
		{BCD50D4A-B72F-4F3B-8005-1F6F779FC7A8}.Release|Mixed Platforms.Build.0 = Release|Any CPU
		{BCD50D4A-B72F-4F3B-8005-1F6F779FC7A8}.Release|x86.ActiveCfg = Release|Any CPU
		{DD04130D-9305-4567-9FEB-BABF1D9303F3}.Debug|Any CPU.ActiveCfg = Debug|Any CPU
		{DD04130D-9305-4567-9FEB-BABF1D9303F3}.Debug|Any CPU.Build.0 = Debug|Any CPU
		{DD04130D-9305-4567-9FEB-BABF1D9303F3}.Debug|Mixed Platforms.ActiveCfg = Release|Any CPU
		{DD04130D-9305-4567-9FEB-BABF1D9303F3}.Debug|Mixed Platforms.Build.0 = Release|Any CPU
		{DD04130D-9305-4567-9FEB-BABF1D9303F3}.Debug|x86.ActiveCfg = Debug|Any CPU
		{DD04130D-9305-4567-9FEB-BABF1D9303F3}.Release|Any CPU.ActiveCfg = Release|Any CPU
		{DD04130D-9305-4567-9FEB-BABF1D9303F3}.Release|Any CPU.Build.0 = Release|Any CPU
		{DD04130D-9305-4567-9FEB-BABF1D9303F3}.Release|Mixed Platforms.ActiveCfg = Release|Any CPU
		{DD04130D-9305-4567-9FEB-BABF1D9303F3}.Release|Mixed Platforms.Build.0 = Release|Any CPU
		{DD04130D-9305-4567-9FEB-BABF1D9303F3}.Release|x86.ActiveCfg = Release|Any CPU
		{C422C9BB-224D-4F84-8CC3-CEEDACCF4F08}.Debug|Any CPU.ActiveCfg = Debug|Any CPU
		{C422C9BB-224D-4F84-8CC3-CEEDACCF4F08}.Debug|Any CPU.Build.0 = Debug|Any CPU
		{C422C9BB-224D-4F84-8CC3-CEEDACCF4F08}.Debug|Mixed Platforms.ActiveCfg = Release|Any CPU
		{C422C9BB-224D-4F84-8CC3-CEEDACCF4F08}.Debug|Mixed Platforms.Build.0 = Release|Any CPU
		{C422C9BB-224D-4F84-8CC3-CEEDACCF4F08}.Debug|x86.ActiveCfg = Debug|Any CPU
		{C422C9BB-224D-4F84-8CC3-CEEDACCF4F08}.Release|Any CPU.ActiveCfg = Release|Any CPU
		{C422C9BB-224D-4F84-8CC3-CEEDACCF4F08}.Release|Any CPU.Build.0 = Release|Any CPU
		{C422C9BB-224D-4F84-8CC3-CEEDACCF4F08}.Release|Mixed Platforms.ActiveCfg = Release|Any CPU
		{C422C9BB-224D-4F84-8CC3-CEEDACCF4F08}.Release|Mixed Platforms.Build.0 = Release|Any CPU
		{C422C9BB-224D-4F84-8CC3-CEEDACCF4F08}.Release|x86.ActiveCfg = Release|Any CPU
		{FB2048BA-3385-42EF-ADE9-B41F3C1B5939}.Debug|Any CPU.ActiveCfg = Debug|Any CPU
		{FB2048BA-3385-42EF-ADE9-B41F3C1B5939}.Debug|Any CPU.Build.0 = Debug|Any CPU
		{FB2048BA-3385-42EF-ADE9-B41F3C1B5939}.Debug|Mixed Platforms.ActiveCfg = Release|Any CPU
		{FB2048BA-3385-42EF-ADE9-B41F3C1B5939}.Debug|Mixed Platforms.Build.0 = Release|Any CPU
		{FB2048BA-3385-42EF-ADE9-B41F3C1B5939}.Debug|x86.ActiveCfg = Debug|Any CPU
		{FB2048BA-3385-42EF-ADE9-B41F3C1B5939}.Release|Any CPU.ActiveCfg = Release|Any CPU
		{FB2048BA-3385-42EF-ADE9-B41F3C1B5939}.Release|Any CPU.Build.0 = Release|Any CPU
		{FB2048BA-3385-42EF-ADE9-B41F3C1B5939}.Release|Mixed Platforms.ActiveCfg = Release|Any CPU
		{FB2048BA-3385-42EF-ADE9-B41F3C1B5939}.Release|Mixed Platforms.Build.0 = Release|Any CPU
		{FB2048BA-3385-42EF-ADE9-B41F3C1B5939}.Release|x86.ActiveCfg = Release|Any CPU
		{343B9F31-8E76-4D6D-9422-E1100AC5B10A}.Debug|Any CPU.ActiveCfg = Debug|Any CPU
		{343B9F31-8E76-4D6D-9422-E1100AC5B10A}.Debug|Any CPU.Build.0 = Debug|Any CPU
		{343B9F31-8E76-4D6D-9422-E1100AC5B10A}.Debug|Mixed Platforms.ActiveCfg = Release|Any CPU
		{343B9F31-8E76-4D6D-9422-E1100AC5B10A}.Debug|Mixed Platforms.Build.0 = Release|Any CPU
		{343B9F31-8E76-4D6D-9422-E1100AC5B10A}.Debug|x86.ActiveCfg = Debug|Any CPU
		{343B9F31-8E76-4D6D-9422-E1100AC5B10A}.Release|Any CPU.ActiveCfg = Release|Any CPU
		{343B9F31-8E76-4D6D-9422-E1100AC5B10A}.Release|Any CPU.Build.0 = Release|Any CPU
		{343B9F31-8E76-4D6D-9422-E1100AC5B10A}.Release|Mixed Platforms.ActiveCfg = Release|Any CPU
		{343B9F31-8E76-4D6D-9422-E1100AC5B10A}.Release|Mixed Platforms.Build.0 = Release|Any CPU
		{343B9F31-8E76-4D6D-9422-E1100AC5B10A}.Release|x86.ActiveCfg = Release|Any CPU
		{C2468DF3-3A16-48FD-A630-0C8D40DE5A52}.Debug|Any CPU.ActiveCfg = Debug|Any CPU
		{C2468DF3-3A16-48FD-A630-0C8D40DE5A52}.Debug|Any CPU.Build.0 = Debug|Any CPU
		{C2468DF3-3A16-48FD-A630-0C8D40DE5A52}.Debug|Mixed Platforms.ActiveCfg = Release|Any CPU
		{C2468DF3-3A16-48FD-A630-0C8D40DE5A52}.Debug|Mixed Platforms.Build.0 = Release|Any CPU
		{C2468DF3-3A16-48FD-A630-0C8D40DE5A52}.Debug|x86.ActiveCfg = Debug|Any CPU
		{C2468DF3-3A16-48FD-A630-0C8D40DE5A52}.Release|Any CPU.ActiveCfg = Release|Any CPU
		{C2468DF3-3A16-48FD-A630-0C8D40DE5A52}.Release|Any CPU.Build.0 = Release|Any CPU
		{C2468DF3-3A16-48FD-A630-0C8D40DE5A52}.Release|Mixed Platforms.ActiveCfg = Release|Any CPU
		{C2468DF3-3A16-48FD-A630-0C8D40DE5A52}.Release|Mixed Platforms.Build.0 = Release|Any CPU
		{C2468DF3-3A16-48FD-A630-0C8D40DE5A52}.Release|x86.ActiveCfg = Release|Any CPU
		{948CE9C1-F02A-400D-8DA0-4EED8A418804}.Debug|Any CPU.ActiveCfg = Debug|Any CPU
		{948CE9C1-F02A-400D-8DA0-4EED8A418804}.Debug|Any CPU.Build.0 = Debug|Any CPU
		{948CE9C1-F02A-400D-8DA0-4EED8A418804}.Debug|Mixed Platforms.ActiveCfg = Release|Any CPU
		{948CE9C1-F02A-400D-8DA0-4EED8A418804}.Debug|Mixed Platforms.Build.0 = Release|Any CPU
		{948CE9C1-F02A-400D-8DA0-4EED8A418804}.Debug|x86.ActiveCfg = Debug|Any CPU
		{948CE9C1-F02A-400D-8DA0-4EED8A418804}.Release|Any CPU.ActiveCfg = Release|Any CPU
		{948CE9C1-F02A-400D-8DA0-4EED8A418804}.Release|Any CPU.Build.0 = Release|Any CPU
		{948CE9C1-F02A-400D-8DA0-4EED8A418804}.Release|Mixed Platforms.ActiveCfg = Release|Any CPU
		{948CE9C1-F02A-400D-8DA0-4EED8A418804}.Release|Mixed Platforms.Build.0 = Release|Any CPU
		{948CE9C1-F02A-400D-8DA0-4EED8A418804}.Release|x86.ActiveCfg = Release|Any CPU
		{E965E7F0-FBA2-4B40-A2E2-15588D733CFA}.Debug|Any CPU.ActiveCfg = Debug|Any CPU
		{E965E7F0-FBA2-4B40-A2E2-15588D733CFA}.Debug|Any CPU.Build.0 = Debug|Any CPU
		{E965E7F0-FBA2-4B40-A2E2-15588D733CFA}.Debug|Mixed Platforms.ActiveCfg = Release|Any CPU
		{E965E7F0-FBA2-4B40-A2E2-15588D733CFA}.Debug|Mixed Platforms.Build.0 = Release|Any CPU
		{E965E7F0-FBA2-4B40-A2E2-15588D733CFA}.Debug|x86.ActiveCfg = Debug|Any CPU
		{E965E7F0-FBA2-4B40-A2E2-15588D733CFA}.Release|Any CPU.ActiveCfg = Release|Any CPU
		{E965E7F0-FBA2-4B40-A2E2-15588D733CFA}.Release|Any CPU.Build.0 = Release|Any CPU
		{E965E7F0-FBA2-4B40-A2E2-15588D733CFA}.Release|Mixed Platforms.ActiveCfg = Release|Any CPU
		{E965E7F0-FBA2-4B40-A2E2-15588D733CFA}.Release|Mixed Platforms.Build.0 = Release|Any CPU
		{E965E7F0-FBA2-4B40-A2E2-15588D733CFA}.Release|x86.ActiveCfg = Release|Any CPU
		{DB270E02-F0B8-4F8B-BBA3-2A39B7B1C0EF}.Debug|Any CPU.ActiveCfg = Debug|Any CPU
		{DB270E02-F0B8-4F8B-BBA3-2A39B7B1C0EF}.Debug|Any CPU.Build.0 = Debug|Any CPU
		{DB270E02-F0B8-4F8B-BBA3-2A39B7B1C0EF}.Debug|Mixed Platforms.ActiveCfg = Release|Any CPU
		{DB270E02-F0B8-4F8B-BBA3-2A39B7B1C0EF}.Debug|Mixed Platforms.Build.0 = Release|Any CPU
		{DB270E02-F0B8-4F8B-BBA3-2A39B7B1C0EF}.Debug|x86.ActiveCfg = Debug|Any CPU
		{DB270E02-F0B8-4F8B-BBA3-2A39B7B1C0EF}.Release|Any CPU.ActiveCfg = Release|Any CPU
		{DB270E02-F0B8-4F8B-BBA3-2A39B7B1C0EF}.Release|Any CPU.Build.0 = Release|Any CPU
		{DB270E02-F0B8-4F8B-BBA3-2A39B7B1C0EF}.Release|Mixed Platforms.ActiveCfg = Release|Any CPU
		{DB270E02-F0B8-4F8B-BBA3-2A39B7B1C0EF}.Release|Mixed Platforms.Build.0 = Release|Any CPU
		{DB270E02-F0B8-4F8B-BBA3-2A39B7B1C0EF}.Release|x86.ActiveCfg = Release|Any CPU
		{5B2E54B7-A83C-4100-8285-A0630E7CED19}.Debug|Any CPU.ActiveCfg = Debug|Any CPU
		{5B2E54B7-A83C-4100-8285-A0630E7CED19}.Debug|Any CPU.Build.0 = Debug|Any CPU
		{5B2E54B7-A83C-4100-8285-A0630E7CED19}.Debug|Mixed Platforms.ActiveCfg = Release|Any CPU
		{5B2E54B7-A83C-4100-8285-A0630E7CED19}.Debug|Mixed Platforms.Build.0 = Release|Any CPU
		{5B2E54B7-A83C-4100-8285-A0630E7CED19}.Debug|x86.ActiveCfg = Debug|Any CPU
		{5B2E54B7-A83C-4100-8285-A0630E7CED19}.Release|Any CPU.ActiveCfg = Release|Any CPU
		{5B2E54B7-A83C-4100-8285-A0630E7CED19}.Release|Any CPU.Build.0 = Release|Any CPU
		{5B2E54B7-A83C-4100-8285-A0630E7CED19}.Release|Mixed Platforms.ActiveCfg = Release|Any CPU
		{5B2E54B7-A83C-4100-8285-A0630E7CED19}.Release|Mixed Platforms.Build.0 = Release|Any CPU
		{5B2E54B7-A83C-4100-8285-A0630E7CED19}.Release|x86.ActiveCfg = Release|Any CPU
		{A95F75BA-E506-446D-B402-D1C3D1EC0291}.Debug|Any CPU.ActiveCfg = Debug|Any CPU
		{A95F75BA-E506-446D-B402-D1C3D1EC0291}.Debug|Any CPU.Build.0 = Debug|Any CPU
		{A95F75BA-E506-446D-B402-D1C3D1EC0291}.Debug|Mixed Platforms.ActiveCfg = Release|Any CPU
		{A95F75BA-E506-446D-B402-D1C3D1EC0291}.Debug|Mixed Platforms.Build.0 = Release|Any CPU
		{A95F75BA-E506-446D-B402-D1C3D1EC0291}.Debug|x86.ActiveCfg = Debug|Any CPU
		{A95F75BA-E506-446D-B402-D1C3D1EC0291}.Release|Any CPU.ActiveCfg = Release|Any CPU
		{A95F75BA-E506-446D-B402-D1C3D1EC0291}.Release|Any CPU.Build.0 = Release|Any CPU
		{A95F75BA-E506-446D-B402-D1C3D1EC0291}.Release|Mixed Platforms.ActiveCfg = Release|Any CPU
		{A95F75BA-E506-446D-B402-D1C3D1EC0291}.Release|Mixed Platforms.Build.0 = Release|Any CPU
		{A95F75BA-E506-446D-B402-D1C3D1EC0291}.Release|x86.ActiveCfg = Release|Any CPU
		{D2B104CC-5D78-44D2-B2B3-8B9531708281}.Debug|Any CPU.ActiveCfg = Debug|Any CPU
		{D2B104CC-5D78-44D2-B2B3-8B9531708281}.Debug|Any CPU.Build.0 = Debug|Any CPU
		{D2B104CC-5D78-44D2-B2B3-8B9531708281}.Debug|Mixed Platforms.ActiveCfg = Release|Any CPU
		{D2B104CC-5D78-44D2-B2B3-8B9531708281}.Debug|Mixed Platforms.Build.0 = Release|Any CPU
		{D2B104CC-5D78-44D2-B2B3-8B9531708281}.Debug|x86.ActiveCfg = Debug|Any CPU
		{D2B104CC-5D78-44D2-B2B3-8B9531708281}.Release|Any CPU.ActiveCfg = Release|Any CPU
		{D2B104CC-5D78-44D2-B2B3-8B9531708281}.Release|Any CPU.Build.0 = Release|Any CPU
		{D2B104CC-5D78-44D2-B2B3-8B9531708281}.Release|Mixed Platforms.ActiveCfg = Release|Any CPU
		{D2B104CC-5D78-44D2-B2B3-8B9531708281}.Release|Mixed Platforms.Build.0 = Release|Any CPU
		{D2B104CC-5D78-44D2-B2B3-8B9531708281}.Release|x86.ActiveCfg = Release|Any CPU
		{C1D5261B-3CB3-4AA3-BC7E-A469CD5A1964}.Debug|Any CPU.ActiveCfg = Debug|Any CPU
		{C1D5261B-3CB3-4AA3-BC7E-A469CD5A1964}.Debug|Any CPU.Build.0 = Debug|Any CPU
		{C1D5261B-3CB3-4AA3-BC7E-A469CD5A1964}.Debug|Mixed Platforms.ActiveCfg = Release|Any CPU
		{C1D5261B-3CB3-4AA3-BC7E-A469CD5A1964}.Debug|Mixed Platforms.Build.0 = Release|Any CPU
		{C1D5261B-3CB3-4AA3-BC7E-A469CD5A1964}.Debug|x86.ActiveCfg = Debug|Any CPU
		{C1D5261B-3CB3-4AA3-BC7E-A469CD5A1964}.Release|Any CPU.ActiveCfg = Release|Any CPU
		{C1D5261B-3CB3-4AA3-BC7E-A469CD5A1964}.Release|Any CPU.Build.0 = Release|Any CPU
		{C1D5261B-3CB3-4AA3-BC7E-A469CD5A1964}.Release|Mixed Platforms.ActiveCfg = Release|Any CPU
		{C1D5261B-3CB3-4AA3-BC7E-A469CD5A1964}.Release|Mixed Platforms.Build.0 = Release|Any CPU
		{C1D5261B-3CB3-4AA3-BC7E-A469CD5A1964}.Release|x86.ActiveCfg = Release|Any CPU
		{1EEFB56A-D763-4C02-B736-1F1FAD6AE1A0}.Debug|Any CPU.ActiveCfg = Debug|Any CPU
		{1EEFB56A-D763-4C02-B736-1F1FAD6AE1A0}.Debug|Any CPU.Build.0 = Debug|Any CPU
		{1EEFB56A-D763-4C02-B736-1F1FAD6AE1A0}.Debug|Mixed Platforms.ActiveCfg = Release|Any CPU
		{1EEFB56A-D763-4C02-B736-1F1FAD6AE1A0}.Debug|Mixed Platforms.Build.0 = Release|Any CPU
		{1EEFB56A-D763-4C02-B736-1F1FAD6AE1A0}.Debug|x86.ActiveCfg = Debug|Any CPU
		{1EEFB56A-D763-4C02-B736-1F1FAD6AE1A0}.Release|Any CPU.ActiveCfg = Release|Any CPU
		{1EEFB56A-D763-4C02-B736-1F1FAD6AE1A0}.Release|Any CPU.Build.0 = Release|Any CPU
		{1EEFB56A-D763-4C02-B736-1F1FAD6AE1A0}.Release|Mixed Platforms.ActiveCfg = Release|Any CPU
		{1EEFB56A-D763-4C02-B736-1F1FAD6AE1A0}.Release|Mixed Platforms.Build.0 = Release|Any CPU
		{1EEFB56A-D763-4C02-B736-1F1FAD6AE1A0}.Release|x86.ActiveCfg = Release|Any CPU
		{3057C995-378B-4306-BEBB-8473B13F4E47}.Debug|Any CPU.ActiveCfg = Debug|Any CPU
		{3057C995-378B-4306-BEBB-8473B13F4E47}.Debug|Any CPU.Build.0 = Debug|Any CPU
		{3057C995-378B-4306-BEBB-8473B13F4E47}.Debug|Mixed Platforms.ActiveCfg = Release|Any CPU
		{3057C995-378B-4306-BEBB-8473B13F4E47}.Debug|Mixed Platforms.Build.0 = Release|Any CPU
		{3057C995-378B-4306-BEBB-8473B13F4E47}.Debug|x86.ActiveCfg = Debug|Any CPU
		{3057C995-378B-4306-BEBB-8473B13F4E47}.Release|Any CPU.ActiveCfg = Release|Any CPU
		{3057C995-378B-4306-BEBB-8473B13F4E47}.Release|Any CPU.Build.0 = Release|Any CPU
		{3057C995-378B-4306-BEBB-8473B13F4E47}.Release|Mixed Platforms.ActiveCfg = Release|Any CPU
		{3057C995-378B-4306-BEBB-8473B13F4E47}.Release|Mixed Platforms.Build.0 = Release|Any CPU
		{3057C995-378B-4306-BEBB-8473B13F4E47}.Release|x86.ActiveCfg = Release|Any CPU
		{2DCE19B0-97A5-4F27-A0EC-C6DA96158585}.Debug|Any CPU.ActiveCfg = Debug|Any CPU
		{2DCE19B0-97A5-4F27-A0EC-C6DA96158585}.Debug|Any CPU.Build.0 = Debug|Any CPU
		{2DCE19B0-97A5-4F27-A0EC-C6DA96158585}.Debug|Mixed Platforms.ActiveCfg = Release|Any CPU
		{2DCE19B0-97A5-4F27-A0EC-C6DA96158585}.Debug|Mixed Platforms.Build.0 = Release|Any CPU
		{2DCE19B0-97A5-4F27-A0EC-C6DA96158585}.Debug|x86.ActiveCfg = Debug|Any CPU
		{2DCE19B0-97A5-4F27-A0EC-C6DA96158585}.Release|Any CPU.ActiveCfg = Release|Any CPU
		{2DCE19B0-97A5-4F27-A0EC-C6DA96158585}.Release|Any CPU.Build.0 = Release|Any CPU
		{2DCE19B0-97A5-4F27-A0EC-C6DA96158585}.Release|Mixed Platforms.ActiveCfg = Release|Any CPU
		{2DCE19B0-97A5-4F27-A0EC-C6DA96158585}.Release|Mixed Platforms.Build.0 = Release|Any CPU
		{2DCE19B0-97A5-4F27-A0EC-C6DA96158585}.Release|x86.ActiveCfg = Release|Any CPU
		{4C733615-D665-4F97-B9A3-7BC006B1AC13}.Debug|Any CPU.ActiveCfg = Debug|Any CPU
		{4C733615-D665-4F97-B9A3-7BC006B1AC13}.Debug|Any CPU.Build.0 = Debug|Any CPU
		{4C733615-D665-4F97-B9A3-7BC006B1AC13}.Debug|Mixed Platforms.ActiveCfg = Release|Any CPU
		{4C733615-D665-4F97-B9A3-7BC006B1AC13}.Debug|Mixed Platforms.Build.0 = Release|Any CPU
		{4C733615-D665-4F97-B9A3-7BC006B1AC13}.Debug|x86.ActiveCfg = Debug|Any CPU
		{4C733615-D665-4F97-B9A3-7BC006B1AC13}.Release|Any CPU.ActiveCfg = Release|Any CPU
		{4C733615-D665-4F97-B9A3-7BC006B1AC13}.Release|Any CPU.Build.0 = Release|Any CPU
		{4C733615-D665-4F97-B9A3-7BC006B1AC13}.Release|Mixed Platforms.ActiveCfg = Release|Any CPU
		{4C733615-D665-4F97-B9A3-7BC006B1AC13}.Release|Mixed Platforms.Build.0 = Release|Any CPU
		{4C733615-D665-4F97-B9A3-7BC006B1AC13}.Release|x86.ActiveCfg = Release|Any CPU
		{D06BA9D6-5122-44F4-94D2-BEB10AAAE959}.Debug|Any CPU.ActiveCfg = Debug|Any CPU
		{D06BA9D6-5122-44F4-94D2-BEB10AAAE959}.Debug|Any CPU.Build.0 = Debug|Any CPU
		{D06BA9D6-5122-44F4-94D2-BEB10AAAE959}.Debug|Mixed Platforms.ActiveCfg = Release|Any CPU
		{D06BA9D6-5122-44F4-94D2-BEB10AAAE959}.Debug|Mixed Platforms.Build.0 = Release|Any CPU
		{D06BA9D6-5122-44F4-94D2-BEB10AAAE959}.Debug|x86.ActiveCfg = Debug|Any CPU
		{D06BA9D6-5122-44F4-94D2-BEB10AAAE959}.Release|Any CPU.ActiveCfg = Release|Any CPU
		{D06BA9D6-5122-44F4-94D2-BEB10AAAE959}.Release|Any CPU.Build.0 = Release|Any CPU
		{D06BA9D6-5122-44F4-94D2-BEB10AAAE959}.Release|Mixed Platforms.ActiveCfg = Release|Any CPU
		{D06BA9D6-5122-44F4-94D2-BEB10AAAE959}.Release|Mixed Platforms.Build.0 = Release|Any CPU
		{D06BA9D6-5122-44F4-94D2-BEB10AAAE959}.Release|x86.ActiveCfg = Release|Any CPU
		{CBBDB05B-2F4B-4219-AF4F-5A41A8AAF14C}.Debug|Any CPU.ActiveCfg = Debug|Any CPU
		{CBBDB05B-2F4B-4219-AF4F-5A41A8AAF14C}.Debug|Any CPU.Build.0 = Debug|Any CPU
		{CBBDB05B-2F4B-4219-AF4F-5A41A8AAF14C}.Debug|Mixed Platforms.ActiveCfg = Release|Any CPU
		{CBBDB05B-2F4B-4219-AF4F-5A41A8AAF14C}.Debug|Mixed Platforms.Build.0 = Release|Any CPU
		{CBBDB05B-2F4B-4219-AF4F-5A41A8AAF14C}.Debug|x86.ActiveCfg = Debug|Any CPU
		{CBBDB05B-2F4B-4219-AF4F-5A41A8AAF14C}.Release|Any CPU.ActiveCfg = Release|Any CPU
		{CBBDB05B-2F4B-4219-AF4F-5A41A8AAF14C}.Release|Any CPU.Build.0 = Release|Any CPU
		{CBBDB05B-2F4B-4219-AF4F-5A41A8AAF14C}.Release|Mixed Platforms.ActiveCfg = Release|Any CPU
		{CBBDB05B-2F4B-4219-AF4F-5A41A8AAF14C}.Release|Mixed Platforms.Build.0 = Release|Any CPU
		{CBBDB05B-2F4B-4219-AF4F-5A41A8AAF14C}.Release|x86.ActiveCfg = Release|Any CPU
		{44BB94C6-0DB6-4AA9-83AE-E837873DBC3C}.Debug|Any CPU.ActiveCfg = Debug|Any CPU
		{44BB94C6-0DB6-4AA9-83AE-E837873DBC3C}.Debug|Any CPU.Build.0 = Debug|Any CPU
		{44BB94C6-0DB6-4AA9-83AE-E837873DBC3C}.Debug|Mixed Platforms.ActiveCfg = Release|Any CPU
		{44BB94C6-0DB6-4AA9-83AE-E837873DBC3C}.Debug|Mixed Platforms.Build.0 = Release|Any CPU
		{44BB94C6-0DB6-4AA9-83AE-E837873DBC3C}.Debug|x86.ActiveCfg = Debug|Any CPU
		{44BB94C6-0DB6-4AA9-83AE-E837873DBC3C}.Release|Any CPU.ActiveCfg = Release|Any CPU
		{44BB94C6-0DB6-4AA9-83AE-E837873DBC3C}.Release|Any CPU.Build.0 = Release|Any CPU
		{44BB94C6-0DB6-4AA9-83AE-E837873DBC3C}.Release|Mixed Platforms.ActiveCfg = Release|Any CPU
		{44BB94C6-0DB6-4AA9-83AE-E837873DBC3C}.Release|Mixed Platforms.Build.0 = Release|Any CPU
		{44BB94C6-0DB6-4AA9-83AE-E837873DBC3C}.Release|x86.ActiveCfg = Release|Any CPU
		{A3EE405B-F10D-4159-938C-3A20F7311A8E}.Debug|Any CPU.ActiveCfg = Debug|Any CPU
		{A3EE405B-F10D-4159-938C-3A20F7311A8E}.Debug|Any CPU.Build.0 = Debug|Any CPU
		{A3EE405B-F10D-4159-938C-3A20F7311A8E}.Debug|Mixed Platforms.ActiveCfg = Release|Any CPU
		{A3EE405B-F10D-4159-938C-3A20F7311A8E}.Debug|Mixed Platforms.Build.0 = Release|Any CPU
		{A3EE405B-F10D-4159-938C-3A20F7311A8E}.Debug|x86.ActiveCfg = Debug|Any CPU
		{A3EE405B-F10D-4159-938C-3A20F7311A8E}.Release|Any CPU.ActiveCfg = Release|Any CPU
		{A3EE405B-F10D-4159-938C-3A20F7311A8E}.Release|Any CPU.Build.0 = Release|Any CPU
		{A3EE405B-F10D-4159-938C-3A20F7311A8E}.Release|Mixed Platforms.ActiveCfg = Release|Any CPU
		{A3EE405B-F10D-4159-938C-3A20F7311A8E}.Release|Mixed Platforms.Build.0 = Release|Any CPU
		{A3EE405B-F10D-4159-938C-3A20F7311A8E}.Release|x86.ActiveCfg = Release|Any CPU
		{62BC964E-3AA5-4D5A-B6F7-05348CAF8EA1}.Debug|Any CPU.ActiveCfg = Debug|Any CPU
		{62BC964E-3AA5-4D5A-B6F7-05348CAF8EA1}.Debug|Any CPU.Build.0 = Debug|Any CPU
		{62BC964E-3AA5-4D5A-B6F7-05348CAF8EA1}.Debug|Mixed Platforms.ActiveCfg = Release|Any CPU
		{62BC964E-3AA5-4D5A-B6F7-05348CAF8EA1}.Debug|Mixed Platforms.Build.0 = Release|Any CPU
		{62BC964E-3AA5-4D5A-B6F7-05348CAF8EA1}.Debug|x86.ActiveCfg = Debug|Any CPU
		{62BC964E-3AA5-4D5A-B6F7-05348CAF8EA1}.Release|Any CPU.ActiveCfg = Release|Any CPU
		{62BC964E-3AA5-4D5A-B6F7-05348CAF8EA1}.Release|Any CPU.Build.0 = Release|Any CPU
		{62BC964E-3AA5-4D5A-B6F7-05348CAF8EA1}.Release|Mixed Platforms.ActiveCfg = Release|Any CPU
		{62BC964E-3AA5-4D5A-B6F7-05348CAF8EA1}.Release|Mixed Platforms.Build.0 = Release|Any CPU
		{62BC964E-3AA5-4D5A-B6F7-05348CAF8EA1}.Release|x86.ActiveCfg = Release|Any CPU
		{421FA6FA-8004-49A3-8914-05F6EA4B6A94}.Debug|Any CPU.ActiveCfg = Debug|Any CPU
		{421FA6FA-8004-49A3-8914-05F6EA4B6A94}.Debug|Any CPU.Build.0 = Debug|Any CPU
		{421FA6FA-8004-49A3-8914-05F6EA4B6A94}.Debug|Mixed Platforms.ActiveCfg = Release|Any CPU
		{421FA6FA-8004-49A3-8914-05F6EA4B6A94}.Debug|Mixed Platforms.Build.0 = Release|Any CPU
		{421FA6FA-8004-49A3-8914-05F6EA4B6A94}.Debug|x86.ActiveCfg = Debug|Any CPU
		{421FA6FA-8004-49A3-8914-05F6EA4B6A94}.Release|Any CPU.ActiveCfg = Release|Any CPU
		{421FA6FA-8004-49A3-8914-05F6EA4B6A94}.Release|Any CPU.Build.0 = Release|Any CPU
		{421FA6FA-8004-49A3-8914-05F6EA4B6A94}.Release|Mixed Platforms.ActiveCfg = Release|Any CPU
		{421FA6FA-8004-49A3-8914-05F6EA4B6A94}.Release|Mixed Platforms.Build.0 = Release|Any CPU
		{421FA6FA-8004-49A3-8914-05F6EA4B6A94}.Release|x86.ActiveCfg = Release|Any CPU
		{586357D9-DEF7-4B73-BEB0-A8AAA94F274F}.Debug|Any CPU.ActiveCfg = Debug|Any CPU
		{586357D9-DEF7-4B73-BEB0-A8AAA94F274F}.Debug|Any CPU.Build.0 = Debug|Any CPU
		{586357D9-DEF7-4B73-BEB0-A8AAA94F274F}.Debug|Mixed Platforms.ActiveCfg = Release|Any CPU
		{586357D9-DEF7-4B73-BEB0-A8AAA94F274F}.Debug|Mixed Platforms.Build.0 = Release|Any CPU
		{586357D9-DEF7-4B73-BEB0-A8AAA94F274F}.Debug|x86.ActiveCfg = Debug|Any CPU
		{586357D9-DEF7-4B73-BEB0-A8AAA94F274F}.Release|Any CPU.ActiveCfg = Release|Any CPU
		{586357D9-DEF7-4B73-BEB0-A8AAA94F274F}.Release|Any CPU.Build.0 = Release|Any CPU
		{586357D9-DEF7-4B73-BEB0-A8AAA94F274F}.Release|Mixed Platforms.ActiveCfg = Release|Any CPU
		{586357D9-DEF7-4B73-BEB0-A8AAA94F274F}.Release|Mixed Platforms.Build.0 = Release|Any CPU
		{586357D9-DEF7-4B73-BEB0-A8AAA94F274F}.Release|x86.ActiveCfg = Release|Any CPU
		{6CF6F460-C541-4ED5-89B5-87ED3AA2E36B}.Debug|Any CPU.ActiveCfg = Debug|Any CPU
		{6CF6F460-C541-4ED5-89B5-87ED3AA2E36B}.Debug|Any CPU.Build.0 = Debug|Any CPU
		{6CF6F460-C541-4ED5-89B5-87ED3AA2E36B}.Debug|Mixed Platforms.ActiveCfg = Debug|Any CPU
		{6CF6F460-C541-4ED5-89B5-87ED3AA2E36B}.Debug|Mixed Platforms.Build.0 = Debug|Any CPU
		{6CF6F460-C541-4ED5-89B5-87ED3AA2E36B}.Debug|x86.ActiveCfg = Debug|Any CPU
		{6CF6F460-C541-4ED5-89B5-87ED3AA2E36B}.Release|Any CPU.ActiveCfg = Release|Any CPU
		{6CF6F460-C541-4ED5-89B5-87ED3AA2E36B}.Release|Any CPU.Build.0 = Release|Any CPU
		{6CF6F460-C541-4ED5-89B5-87ED3AA2E36B}.Release|Mixed Platforms.ActiveCfg = Release|Any CPU
		{6CF6F460-C541-4ED5-89B5-87ED3AA2E36B}.Release|Mixed Platforms.Build.0 = Release|Any CPU
		{6CF6F460-C541-4ED5-89B5-87ED3AA2E36B}.Release|x86.ActiveCfg = Release|Any CPU
		{0B57A087-6372-4E87-ADCA-835560208CFB}.Debug|Any CPU.ActiveCfg = Debug|Any CPU
		{0B57A087-6372-4E87-ADCA-835560208CFB}.Debug|Any CPU.Build.0 = Debug|Any CPU
		{0B57A087-6372-4E87-ADCA-835560208CFB}.Debug|Mixed Platforms.ActiveCfg = Debug|Any CPU
		{0B57A087-6372-4E87-ADCA-835560208CFB}.Debug|Mixed Platforms.Build.0 = Debug|Any CPU
		{0B57A087-6372-4E87-ADCA-835560208CFB}.Debug|x86.ActiveCfg = Debug|Any CPU
		{0B57A087-6372-4E87-ADCA-835560208CFB}.Release|Any CPU.ActiveCfg = Release|Any CPU
		{0B57A087-6372-4E87-ADCA-835560208CFB}.Release|Any CPU.Build.0 = Release|Any CPU
		{0B57A087-6372-4E87-ADCA-835560208CFB}.Release|Mixed Platforms.ActiveCfg = Release|Any CPU
		{0B57A087-6372-4E87-ADCA-835560208CFB}.Release|Mixed Platforms.Build.0 = Release|Any CPU
		{0B57A087-6372-4E87-ADCA-835560208CFB}.Release|x86.ActiveCfg = Release|Any CPU
		{19C0BC4C-034F-42EB-893C-C9FB28A22B01}.Debug|Any CPU.ActiveCfg = Debug|Any CPU
		{19C0BC4C-034F-42EB-893C-C9FB28A22B01}.Debug|Any CPU.Build.0 = Debug|Any CPU
		{19C0BC4C-034F-42EB-893C-C9FB28A22B01}.Debug|Mixed Platforms.ActiveCfg = Debug|Any CPU
		{19C0BC4C-034F-42EB-893C-C9FB28A22B01}.Debug|Mixed Platforms.Build.0 = Debug|Any CPU
		{19C0BC4C-034F-42EB-893C-C9FB28A22B01}.Debug|x86.ActiveCfg = Debug|Any CPU
		{19C0BC4C-034F-42EB-893C-C9FB28A22B01}.Release|Any CPU.ActiveCfg = Release|Any CPU
		{19C0BC4C-034F-42EB-893C-C9FB28A22B01}.Release|Any CPU.Build.0 = Release|Any CPU
		{19C0BC4C-034F-42EB-893C-C9FB28A22B01}.Release|Mixed Platforms.ActiveCfg = Release|Any CPU
		{19C0BC4C-034F-42EB-893C-C9FB28A22B01}.Release|Mixed Platforms.Build.0 = Release|Any CPU
		{19C0BC4C-034F-42EB-893C-C9FB28A22B01}.Release|x86.ActiveCfg = Release|Any CPU
		{3FDDD25C-BF01-4889-8081-5A1E7E152DEC}.Debug|Any CPU.ActiveCfg = Debug|Any CPU
		{3FDDD25C-BF01-4889-8081-5A1E7E152DEC}.Debug|Any CPU.Build.0 = Debug|Any CPU
		{3FDDD25C-BF01-4889-8081-5A1E7E152DEC}.Debug|Mixed Platforms.ActiveCfg = Debug|Any CPU
		{3FDDD25C-BF01-4889-8081-5A1E7E152DEC}.Debug|Mixed Platforms.Build.0 = Debug|Any CPU
		{3FDDD25C-BF01-4889-8081-5A1E7E152DEC}.Debug|x86.ActiveCfg = Debug|Any CPU
		{3FDDD25C-BF01-4889-8081-5A1E7E152DEC}.Release|Any CPU.ActiveCfg = Release|Any CPU
		{3FDDD25C-BF01-4889-8081-5A1E7E152DEC}.Release|Any CPU.Build.0 = Release|Any CPU
		{3FDDD25C-BF01-4889-8081-5A1E7E152DEC}.Release|Mixed Platforms.ActiveCfg = Release|Any CPU
		{3FDDD25C-BF01-4889-8081-5A1E7E152DEC}.Release|Mixed Platforms.Build.0 = Release|Any CPU
		{3FDDD25C-BF01-4889-8081-5A1E7E152DEC}.Release|x86.ActiveCfg = Release|Any CPU
		{3E5531E7-24B7-4757-A474-9FCEE7CADFFC}.Debug|Any CPU.ActiveCfg = Debug|Any CPU
		{3E5531E7-24B7-4757-A474-9FCEE7CADFFC}.Debug|Any CPU.Build.0 = Debug|Any CPU
		{3E5531E7-24B7-4757-A474-9FCEE7CADFFC}.Debug|Mixed Platforms.ActiveCfg = Debug|Any CPU
		{3E5531E7-24B7-4757-A474-9FCEE7CADFFC}.Debug|Mixed Platforms.Build.0 = Debug|Any CPU
		{3E5531E7-24B7-4757-A474-9FCEE7CADFFC}.Debug|x86.ActiveCfg = Debug|Any CPU
		{3E5531E7-24B7-4757-A474-9FCEE7CADFFC}.Release|Any CPU.ActiveCfg = Release|Any CPU
		{3E5531E7-24B7-4757-A474-9FCEE7CADFFC}.Release|Any CPU.Build.0 = Release|Any CPU
		{3E5531E7-24B7-4757-A474-9FCEE7CADFFC}.Release|Mixed Platforms.ActiveCfg = Release|Any CPU
		{3E5531E7-24B7-4757-A474-9FCEE7CADFFC}.Release|Mixed Platforms.Build.0 = Release|Any CPU
		{3E5531E7-24B7-4757-A474-9FCEE7CADFFC}.Release|x86.ActiveCfg = Release|Any CPU
		{20AFD64D-8A30-4298-AD4A-117193B8B0B4}.Debug|Any CPU.ActiveCfg = Debug|Any CPU
		{20AFD64D-8A30-4298-AD4A-117193B8B0B4}.Debug|Any CPU.Build.0 = Debug|Any CPU
		{20AFD64D-8A30-4298-AD4A-117193B8B0B4}.Debug|Mixed Platforms.ActiveCfg = Debug|Any CPU
		{20AFD64D-8A30-4298-AD4A-117193B8B0B4}.Debug|Mixed Platforms.Build.0 = Debug|Any CPU
		{20AFD64D-8A30-4298-AD4A-117193B8B0B4}.Debug|x86.ActiveCfg = Debug|Any CPU
		{20AFD64D-8A30-4298-AD4A-117193B8B0B4}.Release|Any CPU.ActiveCfg = Release|Any CPU
		{20AFD64D-8A30-4298-AD4A-117193B8B0B4}.Release|Any CPU.Build.0 = Release|Any CPU
		{20AFD64D-8A30-4298-AD4A-117193B8B0B4}.Release|Mixed Platforms.ActiveCfg = Release|Any CPU
		{20AFD64D-8A30-4298-AD4A-117193B8B0B4}.Release|Mixed Platforms.Build.0 = Release|Any CPU
		{20AFD64D-8A30-4298-AD4A-117193B8B0B4}.Release|x86.ActiveCfg = Release|Any CPU
		{9B41430F-280A-40AC-A920-BBA956C80BDA}.Debug|Any CPU.ActiveCfg = Debug|Any CPU
		{9B41430F-280A-40AC-A920-BBA956C80BDA}.Debug|Any CPU.Build.0 = Debug|Any CPU
		{9B41430F-280A-40AC-A920-BBA956C80BDA}.Debug|Mixed Platforms.ActiveCfg = Debug|Any CPU
		{9B41430F-280A-40AC-A920-BBA956C80BDA}.Debug|Mixed Platforms.Build.0 = Debug|Any CPU
		{9B41430F-280A-40AC-A920-BBA956C80BDA}.Debug|x86.ActiveCfg = Debug|Any CPU
		{9B41430F-280A-40AC-A920-BBA956C80BDA}.Release|Any CPU.ActiveCfg = Release|Any CPU
		{9B41430F-280A-40AC-A920-BBA956C80BDA}.Release|Any CPU.Build.0 = Release|Any CPU
		{9B41430F-280A-40AC-A920-BBA956C80BDA}.Release|Mixed Platforms.ActiveCfg = Release|Any CPU
		{9B41430F-280A-40AC-A920-BBA956C80BDA}.Release|Mixed Platforms.Build.0 = Release|Any CPU
		{9B41430F-280A-40AC-A920-BBA956C80BDA}.Release|x86.ActiveCfg = Release|Any CPU
		{F68079DA-2E19-4A46-9DA8-043468FF57F4}.Debug|Any CPU.ActiveCfg = Debug|Any CPU
		{F68079DA-2E19-4A46-9DA8-043468FF57F4}.Debug|Any CPU.Build.0 = Debug|Any CPU
		{F68079DA-2E19-4A46-9DA8-043468FF57F4}.Debug|Mixed Platforms.ActiveCfg = Debug|Any CPU
		{F68079DA-2E19-4A46-9DA8-043468FF57F4}.Debug|Mixed Platforms.Build.0 = Debug|Any CPU
		{F68079DA-2E19-4A46-9DA8-043468FF57F4}.Debug|x86.ActiveCfg = Debug|Any CPU
		{F68079DA-2E19-4A46-9DA8-043468FF57F4}.Release|Any CPU.ActiveCfg = Release|Any CPU
		{F68079DA-2E19-4A46-9DA8-043468FF57F4}.Release|Any CPU.Build.0 = Release|Any CPU
		{F68079DA-2E19-4A46-9DA8-043468FF57F4}.Release|Mixed Platforms.ActiveCfg = Release|Any CPU
		{F68079DA-2E19-4A46-9DA8-043468FF57F4}.Release|Mixed Platforms.Build.0 = Release|Any CPU
		{F68079DA-2E19-4A46-9DA8-043468FF57F4}.Release|x86.ActiveCfg = Release|Any CPU
		{2BEAFF04-A902-4EF2-896D-A8E26CD1D4B2}.Debug|Any CPU.ActiveCfg = Debug|Any CPU
		{2BEAFF04-A902-4EF2-896D-A8E26CD1D4B2}.Debug|Any CPU.Build.0 = Debug|Any CPU
		{2BEAFF04-A902-4EF2-896D-A8E26CD1D4B2}.Debug|Mixed Platforms.ActiveCfg = Debug|Any CPU
		{2BEAFF04-A902-4EF2-896D-A8E26CD1D4B2}.Debug|Mixed Platforms.Build.0 = Debug|Any CPU
		{2BEAFF04-A902-4EF2-896D-A8E26CD1D4B2}.Debug|x86.ActiveCfg = Debug|Any CPU
		{2BEAFF04-A902-4EF2-896D-A8E26CD1D4B2}.Release|Any CPU.ActiveCfg = Release|Any CPU
		{2BEAFF04-A902-4EF2-896D-A8E26CD1D4B2}.Release|Any CPU.Build.0 = Release|Any CPU
		{2BEAFF04-A902-4EF2-896D-A8E26CD1D4B2}.Release|Mixed Platforms.ActiveCfg = Release|Any CPU
		{2BEAFF04-A902-4EF2-896D-A8E26CD1D4B2}.Release|Mixed Platforms.Build.0 = Release|Any CPU
		{2BEAFF04-A902-4EF2-896D-A8E26CD1D4B2}.Release|x86.ActiveCfg = Release|Any CPU
		{9455A071-F738-4AEF-A7A9-5B04A333CEB9}.Debug|Any CPU.ActiveCfg = Debug|Any CPU
		{9455A071-F738-4AEF-A7A9-5B04A333CEB9}.Debug|Any CPU.Build.0 = Debug|Any CPU
		{9455A071-F738-4AEF-A7A9-5B04A333CEB9}.Debug|Mixed Platforms.ActiveCfg = Debug|Any CPU
		{9455A071-F738-4AEF-A7A9-5B04A333CEB9}.Debug|Mixed Platforms.Build.0 = Debug|Any CPU
		{9455A071-F738-4AEF-A7A9-5B04A333CEB9}.Debug|x86.ActiveCfg = Debug|Any CPU
		{9455A071-F738-4AEF-A7A9-5B04A333CEB9}.Release|Any CPU.ActiveCfg = Release|Any CPU
		{9455A071-F738-4AEF-A7A9-5B04A333CEB9}.Release|Any CPU.Build.0 = Release|Any CPU
		{9455A071-F738-4AEF-A7A9-5B04A333CEB9}.Release|Mixed Platforms.ActiveCfg = Release|Any CPU
		{9455A071-F738-4AEF-A7A9-5B04A333CEB9}.Release|Mixed Platforms.Build.0 = Release|Any CPU
		{9455A071-F738-4AEF-A7A9-5B04A333CEB9}.Release|x86.ActiveCfg = Release|Any CPU
		{1CADEF5A-67AE-4A12-B8F2-E2A679BDA99A}.Debug|Any CPU.ActiveCfg = Debug|Any CPU
		{1CADEF5A-67AE-4A12-B8F2-E2A679BDA99A}.Debug|Any CPU.Build.0 = Debug|Any CPU
		{1CADEF5A-67AE-4A12-B8F2-E2A679BDA99A}.Debug|Mixed Platforms.ActiveCfg = Debug|Any CPU
		{1CADEF5A-67AE-4A12-B8F2-E2A679BDA99A}.Debug|Mixed Platforms.Build.0 = Debug|Any CPU
		{1CADEF5A-67AE-4A12-B8F2-E2A679BDA99A}.Debug|x86.ActiveCfg = Debug|Any CPU
		{1CADEF5A-67AE-4A12-B8F2-E2A679BDA99A}.Release|Any CPU.ActiveCfg = Release|Any CPU
		{1CADEF5A-67AE-4A12-B8F2-E2A679BDA99A}.Release|Any CPU.Build.0 = Release|Any CPU
		{1CADEF5A-67AE-4A12-B8F2-E2A679BDA99A}.Release|Mixed Platforms.ActiveCfg = Release|Any CPU
		{1CADEF5A-67AE-4A12-B8F2-E2A679BDA99A}.Release|Mixed Platforms.Build.0 = Release|Any CPU
		{1CADEF5A-67AE-4A12-B8F2-E2A679BDA99A}.Release|x86.ActiveCfg = Release|Any CPU
		{B8742771-175E-4D6D-A4BB-71FB8416F1B8}.Debug|Any CPU.ActiveCfg = Debug|Any CPU
		{B8742771-175E-4D6D-A4BB-71FB8416F1B8}.Debug|Any CPU.Build.0 = Debug|Any CPU
		{B8742771-175E-4D6D-A4BB-71FB8416F1B8}.Debug|Mixed Platforms.ActiveCfg = Debug|Any CPU
		{B8742771-175E-4D6D-A4BB-71FB8416F1B8}.Debug|Mixed Platforms.Build.0 = Debug|Any CPU
		{B8742771-175E-4D6D-A4BB-71FB8416F1B8}.Debug|x86.ActiveCfg = Debug|Any CPU
		{B8742771-175E-4D6D-A4BB-71FB8416F1B8}.Release|Any CPU.ActiveCfg = Release|Any CPU
		{B8742771-175E-4D6D-A4BB-71FB8416F1B8}.Release|Any CPU.Build.0 = Release|Any CPU
		{B8742771-175E-4D6D-A4BB-71FB8416F1B8}.Release|Mixed Platforms.ActiveCfg = Release|Any CPU
		{B8742771-175E-4D6D-A4BB-71FB8416F1B8}.Release|Mixed Platforms.Build.0 = Release|Any CPU
		{B8742771-175E-4D6D-A4BB-71FB8416F1B8}.Release|x86.ActiveCfg = Release|Any CPU
		{8513620E-855D-4F7B-ADFF-21E37AC6F135}.Debug|Any CPU.ActiveCfg = Debug|Any CPU
		{8513620E-855D-4F7B-ADFF-21E37AC6F135}.Debug|Any CPU.Build.0 = Debug|Any CPU
		{8513620E-855D-4F7B-ADFF-21E37AC6F135}.Debug|Mixed Platforms.ActiveCfg = Debug|Any CPU
		{8513620E-855D-4F7B-ADFF-21E37AC6F135}.Debug|Mixed Platforms.Build.0 = Debug|Any CPU
		{8513620E-855D-4F7B-ADFF-21E37AC6F135}.Debug|x86.ActiveCfg = Debug|Any CPU
		{8513620E-855D-4F7B-ADFF-21E37AC6F135}.Release|Any CPU.ActiveCfg = Release|Any CPU
		{8513620E-855D-4F7B-ADFF-21E37AC6F135}.Release|Any CPU.Build.0 = Release|Any CPU
		{8513620E-855D-4F7B-ADFF-21E37AC6F135}.Release|Mixed Platforms.ActiveCfg = Release|Any CPU
		{8513620E-855D-4F7B-ADFF-21E37AC6F135}.Release|Mixed Platforms.Build.0 = Release|Any CPU
		{8513620E-855D-4F7B-ADFF-21E37AC6F135}.Release|x86.ActiveCfg = Release|Any CPU
		{92223688-2588-4F6A-A00B-E1192DE64660}.Debug|Any CPU.ActiveCfg = Debug|Any CPU
		{92223688-2588-4F6A-A00B-E1192DE64660}.Debug|Any CPU.Build.0 = Debug|Any CPU
		{92223688-2588-4F6A-A00B-E1192DE64660}.Debug|Mixed Platforms.ActiveCfg = Debug|Any CPU
		{92223688-2588-4F6A-A00B-E1192DE64660}.Debug|Mixed Platforms.Build.0 = Debug|Any CPU
		{92223688-2588-4F6A-A00B-E1192DE64660}.Debug|x86.ActiveCfg = Debug|Any CPU
		{92223688-2588-4F6A-A00B-E1192DE64660}.Release|Any CPU.ActiveCfg = Release|Any CPU
		{92223688-2588-4F6A-A00B-E1192DE64660}.Release|Any CPU.Build.0 = Release|Any CPU
		{92223688-2588-4F6A-A00B-E1192DE64660}.Release|Mixed Platforms.ActiveCfg = Release|Any CPU
		{92223688-2588-4F6A-A00B-E1192DE64660}.Release|Mixed Platforms.Build.0 = Release|Any CPU
		{92223688-2588-4F6A-A00B-E1192DE64660}.Release|x86.ActiveCfg = Release|Any CPU
		{64E28826-A980-44B3-9764-2264033CC90D}.Debug|Any CPU.ActiveCfg = Debug|Any CPU
		{64E28826-A980-44B3-9764-2264033CC90D}.Debug|Any CPU.Build.0 = Debug|Any CPU
		{64E28826-A980-44B3-9764-2264033CC90D}.Debug|Mixed Platforms.ActiveCfg = Debug|Any CPU
		{64E28826-A980-44B3-9764-2264033CC90D}.Debug|Mixed Platforms.Build.0 = Debug|Any CPU
		{64E28826-A980-44B3-9764-2264033CC90D}.Debug|x86.ActiveCfg = Debug|Any CPU
		{64E28826-A980-44B3-9764-2264033CC90D}.Release|Any CPU.ActiveCfg = Release|Any CPU
		{64E28826-A980-44B3-9764-2264033CC90D}.Release|Any CPU.Build.0 = Release|Any CPU
		{64E28826-A980-44B3-9764-2264033CC90D}.Release|Mixed Platforms.ActiveCfg = Release|Any CPU
		{64E28826-A980-44B3-9764-2264033CC90D}.Release|Mixed Platforms.Build.0 = Release|Any CPU
		{64E28826-A980-44B3-9764-2264033CC90D}.Release|x86.ActiveCfg = Release|Any CPU
		{9334B92A-04E3-4EF6-A118-E713791C8D97}.Debug|Any CPU.ActiveCfg = Debug|Any CPU
		{9334B92A-04E3-4EF6-A118-E713791C8D97}.Debug|Any CPU.Build.0 = Debug|Any CPU
		{9334B92A-04E3-4EF6-A118-E713791C8D97}.Debug|Mixed Platforms.ActiveCfg = Debug|Any CPU
		{9334B92A-04E3-4EF6-A118-E713791C8D97}.Debug|Mixed Platforms.Build.0 = Debug|Any CPU
		{9334B92A-04E3-4EF6-A118-E713791C8D97}.Debug|x86.ActiveCfg = Debug|Any CPU
		{9334B92A-04E3-4EF6-A118-E713791C8D97}.Release|Any CPU.ActiveCfg = Release|Any CPU
		{9334B92A-04E3-4EF6-A118-E713791C8D97}.Release|Any CPU.Build.0 = Release|Any CPU
		{9334B92A-04E3-4EF6-A118-E713791C8D97}.Release|Mixed Platforms.ActiveCfg = Release|Any CPU
		{9334B92A-04E3-4EF6-A118-E713791C8D97}.Release|Mixed Platforms.Build.0 = Release|Any CPU
		{9334B92A-04E3-4EF6-A118-E713791C8D97}.Release|x86.ActiveCfg = Release|Any CPU
	EndGlobalSection
	GlobalSection(SolutionProperties) = preSolution
		HideSolutionNode = FALSE
	EndGlobalSection
	GlobalSection(NestedProjects) = preSolution
		{57E9EC8D-655E-4BCC-9AFF-A505FAA878CA} = {1F622505-C735-43CB-BFAB-EFA8428028CD}
		{081057F3-0D4E-4173-8D9F-2EA8CD9CD0C3} = {1F622505-C735-43CB-BFAB-EFA8428028CD}
		{AA37610E-2E32-44A7-918B-FA11F8DB8028} = {1F622505-C735-43CB-BFAB-EFA8428028CD}
		{3C6DD63D-027A-4CF6-BEFD-BA99CCFD92A5} = {1F622505-C735-43CB-BFAB-EFA8428028CD}
		{5B2E54B7-A83C-4100-8285-A0630E7CED19} = {1F622505-C735-43CB-BFAB-EFA8428028CD}
		{421FA6FA-8004-49A3-8914-05F6EA4B6A94} = {1F622505-C735-43CB-BFAB-EFA8428028CD}
		{2BEAFF04-A902-4EF2-896D-A8E26CD1D4B2} = {1F622505-C735-43CB-BFAB-EFA8428028CD}
		{DBF86786-7348-4AFE-966C-3254BC9A40FD} = {B4B3707C-2037-4BCA-86B2-FFEE2B8BB79D}
		{26C73D81-50AC-4E71-85F7-C233D0AE02AD} = {B4B3707C-2037-4BCA-86B2-FFEE2B8BB79D}
		{16739D3B-0D87-43DE-BC00-5D1B7E43E9CB} = {B4B3707C-2037-4BCA-86B2-FFEE2B8BB79D}
		{F6771F09-2CE5-42DD-8ED6-4613B5BAB417} = {B4B3707C-2037-4BCA-86B2-FFEE2B8BB79D}
		{A2B321AC-3B22-4D98-938B-42E21A7DAB03} = {B4B3707C-2037-4BCA-86B2-FFEE2B8BB79D}
		{30D47170-FFC8-4973-9EAB-EEF99DED4A68} = {B4B3707C-2037-4BCA-86B2-FFEE2B8BB79D}
		{1A00CE8A-E801-4801-88F9-38FA7F627BB6} = {B4B3707C-2037-4BCA-86B2-FFEE2B8BB79D}
		{0A60C08E-D264-4549-A60D-673756DE358C} = {B4B3707C-2037-4BCA-86B2-FFEE2B8BB79D}
		{481FC1B5-B48A-4C3B-A565-6F2AB09107EE} = {B4B3707C-2037-4BCA-86B2-FFEE2B8BB79D}
		{0D5B1370-BD69-4DB0-99E6-DA819EC6D919} = {B4B3707C-2037-4BCA-86B2-FFEE2B8BB79D}
		{0F7C52AE-C106-48E8-B8AF-2E3465E7C72B} = {DBF86786-7348-4AFE-966C-3254BC9A40FD}
		{9F8E88DA-17D5-42A1-B7E5-71A511608A68} = {DBF86786-7348-4AFE-966C-3254BC9A40FD}
		{A95F75BA-E506-446D-B402-D1C3D1EC0291} = {DBF86786-7348-4AFE-966C-3254BC9A40FD}
		{937108F7-CFC4-4D79-8E6E-277BDB29B9B4} = {26C73D81-50AC-4E71-85F7-C233D0AE02AD}
		{7CAA3245-6650-4794-8D47-B8EB8EC4F1A4} = {26C73D81-50AC-4E71-85F7-C233D0AE02AD}
		{CC520B50-0E12-48BB-AD04-B99C5EFF22B5} = {26C73D81-50AC-4E71-85F7-C233D0AE02AD}
		{133CE280-4BD6-499C-9416-BF464E4FD772} = {26C73D81-50AC-4E71-85F7-C233D0AE02AD}
		{2833E2EF-27DF-4292-845B-807828B624FE} = {26C73D81-50AC-4E71-85F7-C233D0AE02AD}
		{A2212480-3C55-4412-B919-6813EA2AF759} = {26C73D81-50AC-4E71-85F7-C233D0AE02AD}
		{343B9F31-8E76-4D6D-9422-E1100AC5B10A} = {26C73D81-50AC-4E71-85F7-C233D0AE02AD}
		{50207108-A4D6-45F1-A6DD-AE2600798C67} = {16739D3B-0D87-43DE-BC00-5D1B7E43E9CB}
		{B73DD6F1-AF34-48A5-80C4-CC9F8B8B10F3} = {16739D3B-0D87-43DE-BC00-5D1B7E43E9CB}
		{C9F3A761-A5FE-440E-9905-5599558CB95B} = {16739D3B-0D87-43DE-BC00-5D1B7E43E9CB}
		{0B57A087-6372-4E87-ADCA-835560208CFB} = {16739D3B-0D87-43DE-BC00-5D1B7E43E9CB}
		{19C0BC4C-034F-42EB-893C-C9FB28A22B01} = {16739D3B-0D87-43DE-BC00-5D1B7E43E9CB}
		{127B56E1-FCA2-4385-A330-60AD922002D4} = {F6771F09-2CE5-42DD-8ED6-4613B5BAB417}
		{EA0EE624-F4A2-4677-A968-EAC87A73A0F7} = {F6771F09-2CE5-42DD-8ED6-4613B5BAB417}
		{BDAA225E-6972-4CD2-8A8D-5CFABBA0003E} = {F6771F09-2CE5-42DD-8ED6-4613B5BAB417}
		{30B57B5F-E31F-4280-96DD-AF37B2F5E534} = {F6771F09-2CE5-42DD-8ED6-4613B5BAB417}
		{7CC1CA15-00FC-41D4-942F-7A67A655E609} = {A2B321AC-3B22-4D98-938B-42E21A7DAB03}
		{01C654E2-97B1-4CB4-979B-F0DBBDD99ADD} = {A2B321AC-3B22-4D98-938B-42E21A7DAB03}
		{AF7B7551-14D7-4E15-AC6B-BAC18D116181} = {A2B321AC-3B22-4D98-938B-42E21A7DAB03}
		{BCD50D4A-B72F-4F3B-8005-1F6F779FC7A8} = {A2B321AC-3B22-4D98-938B-42E21A7DAB03}
		{DD04130D-9305-4567-9FEB-BABF1D9303F3} = {A2B321AC-3B22-4D98-938B-42E21A7DAB03}
		{C422C9BB-224D-4F84-8CC3-CEEDACCF4F08} = {A2B321AC-3B22-4D98-938B-42E21A7DAB03}
		{FB2048BA-3385-42EF-ADE9-B41F3C1B5939} = {A2B321AC-3B22-4D98-938B-42E21A7DAB03}
		{C2468DF3-3A16-48FD-A630-0C8D40DE5A52} = {A2B321AC-3B22-4D98-938B-42E21A7DAB03}
		{948CE9C1-F02A-400D-8DA0-4EED8A418804} = {A2B321AC-3B22-4D98-938B-42E21A7DAB03}
		{E965E7F0-FBA2-4B40-A2E2-15588D733CFA} = {A2B321AC-3B22-4D98-938B-42E21A7DAB03}
		{DB270E02-F0B8-4F8B-BBA3-2A39B7B1C0EF} = {A2B321AC-3B22-4D98-938B-42E21A7DAB03}
		{D2B104CC-5D78-44D2-B2B3-8B9531708281} = {A2B321AC-3B22-4D98-938B-42E21A7DAB03}
		{C1D5261B-3CB3-4AA3-BC7E-A469CD5A1964} = {A2B321AC-3B22-4D98-938B-42E21A7DAB03}
		{1EEFB56A-D763-4C02-B736-1F1FAD6AE1A0} = {A2B321AC-3B22-4D98-938B-42E21A7DAB03}
		{3057C995-378B-4306-BEBB-8473B13F4E47} = {A2B321AC-3B22-4D98-938B-42E21A7DAB03}
		{6CF6F460-C541-4ED5-89B5-87ED3AA2E36B} = {A2B321AC-3B22-4D98-938B-42E21A7DAB03}
		{3FDDD25C-BF01-4889-8081-5A1E7E152DEC} = {A2B321AC-3B22-4D98-938B-42E21A7DAB03}
		{3E5531E7-24B7-4757-A474-9FCEE7CADFFC} = {A2B321AC-3B22-4D98-938B-42E21A7DAB03}
		{2DCE19B0-97A5-4F27-A0EC-C6DA96158585} = {30D47170-FFC8-4973-9EAB-EEF99DED4A68}
		{4C733615-D665-4F97-B9A3-7BC006B1AC13} = {30D47170-FFC8-4973-9EAB-EEF99DED4A68}
		{D06BA9D6-5122-44F4-94D2-BEB10AAAE959} = {30D47170-FFC8-4973-9EAB-EEF99DED4A68}
		{CBBDB05B-2F4B-4219-AF4F-5A41A8AAF14C} = {30D47170-FFC8-4973-9EAB-EEF99DED4A68}
		{44BB94C6-0DB6-4AA9-83AE-E837873DBC3C} = {30D47170-FFC8-4973-9EAB-EEF99DED4A68}
		{A3EE405B-F10D-4159-938C-3A20F7311A8E} = {30D47170-FFC8-4973-9EAB-EEF99DED4A68}
		{62BC964E-3AA5-4D5A-B6F7-05348CAF8EA1} = {30D47170-FFC8-4973-9EAB-EEF99DED4A68}
		{20AFD64D-8A30-4298-AD4A-117193B8B0B4} = {30D47170-FFC8-4973-9EAB-EEF99DED4A68}
		{586357D9-DEF7-4B73-BEB0-A8AAA94F274F} = {1A00CE8A-E801-4801-88F9-38FA7F627BB6}
		{9B41430F-280A-40AC-A920-BBA956C80BDA} = {0A60C08E-D264-4549-A60D-673756DE358C}
		{F68079DA-2E19-4A46-9DA8-043468FF57F4} = {481FC1B5-B48A-4C3B-A565-6F2AB09107EE}
		{9455A071-F738-4AEF-A7A9-5B04A333CEB9} = {481FC1B5-B48A-4C3B-A565-6F2AB09107EE}
		{1CADEF5A-67AE-4A12-B8F2-E2A679BDA99A} = {481FC1B5-B48A-4C3B-A565-6F2AB09107EE}
		{B8742771-175E-4D6D-A4BB-71FB8416F1B8} = {481FC1B5-B48A-4C3B-A565-6F2AB09107EE}
		{8513620E-855D-4F7B-ADFF-21E37AC6F135} = {481FC1B5-B48A-4C3B-A565-6F2AB09107EE}
		{92223688-2588-4F6A-A00B-E1192DE64660} = {481FC1B5-B48A-4C3B-A565-6F2AB09107EE}
		{64E28826-A980-44B3-9764-2264033CC90D} = {481FC1B5-B48A-4C3B-A565-6F2AB09107EE}
		{9334B92A-04E3-4EF6-A118-E713791C8D97} = {481FC1B5-B48A-4C3B-A565-6F2AB09107EE}
	EndGlobalSection
EndGlobal
